
Microsoft Visual Studio Solution File, Format Version 12.00
# Visual Studio 15
VisualStudioVersion = 15.0.26730.10
MinimumVisualStudioVersion = 10.0.40219.1
Project("{F2A71F9B-5D33-465A-A702-920D77279786}") = "HelloEverydayFabulous", "HelloEverydayFabulous\HelloEverydayFabulous.fsproj", "{5E2EA4E1-88A4-4854-8730-1875AB149657}"
EndProject
Project("{F2A71F9B-5D33-465A-A702-920D77279786}") = "HelloEverydayFabulous.Android", "HelloEverydayFabulous.Android\HelloEverydayFabulous.Android.fsproj", "{155F8FA7-92D0-4860-A3EE-477E3B7EBE6D}"
EndProject
Project("{F2A71F9B-5D33-465A-A702-920D77279786}") = "HelloEverydayFabulous.iOS", "HelloEverydayFabulous.iOS\HelloEverydayFabulous.iOS.fsproj", "{BFEDAADE-FBEF-4698-83DE-5FD2BC4FB975}"
EndProject
Project("{FAE04EC0-301F-11D3-BF4B-00C04F79EFBC}") = "Forecast", "Forecast\Forecast.csproj", "{E8F70745-0F04-4574-9664-C0404DA31E1D}"
EndProject
Global
	GlobalSection(SolutionConfigurationPlatforms) = preSolution
		Ad-Hoc|Any CPU = Ad-Hoc|Any CPU
		Ad-Hoc|ARM = Ad-Hoc|ARM
		Ad-Hoc|iPhone = Ad-Hoc|iPhone
		Ad-Hoc|iPhoneSimulator = Ad-Hoc|iPhoneSimulator
		Ad-Hoc|x64 = Ad-Hoc|x64
		Ad-Hoc|x86 = Ad-Hoc|x86
		AppStore|Any CPU = AppStore|Any CPU
		AppStore|ARM = AppStore|ARM
		AppStore|iPhone = AppStore|iPhone
		AppStore|iPhoneSimulator = AppStore|iPhoneSimulator
		AppStore|x64 = AppStore|x64
		AppStore|x86 = AppStore|x86
		Debug|Any CPU = Debug|Any CPU
		Debug|ARM = Debug|ARM
		Debug|iPhone = Debug|iPhone
		Debug|iPhoneSimulator = Debug|iPhoneSimulator
		Debug|x64 = Debug|x64
		Debug|x86 = Debug|x86
		Release|Any CPU = Release|Any CPU
		Release|ARM = Release|ARM
		Release|iPhone = Release|iPhone
		Release|iPhoneSimulator = Release|iPhoneSimulator
		Release|x64 = Release|x64
		Release|x86 = Release|x86
	EndGlobalSection
	GlobalSection(ProjectConfigurationPlatforms) = postSolution
		{5E2EA4E1-88A4-4854-8730-1875AB149657}.Ad-Hoc|Any CPU.ActiveCfg = Debug|Any CPU
		{5E2EA4E1-88A4-4854-8730-1875AB149657}.Ad-Hoc|Any CPU.Build.0 = Debug|Any CPU
		{5E2EA4E1-88A4-4854-8730-1875AB149657}.Ad-Hoc|ARM.ActiveCfg = Debug|Any CPU
		{5E2EA4E1-88A4-4854-8730-1875AB149657}.Ad-Hoc|ARM.Build.0 = Debug|Any CPU
		{5E2EA4E1-88A4-4854-8730-1875AB149657}.Ad-Hoc|iPhone.ActiveCfg = Debug|Any CPU
		{5E2EA4E1-88A4-4854-8730-1875AB149657}.Ad-Hoc|iPhone.Build.0 = Debug|Any CPU
		{5E2EA4E1-88A4-4854-8730-1875AB149657}.Ad-Hoc|iPhoneSimulator.ActiveCfg = Debug|Any CPU
		{5E2EA4E1-88A4-4854-8730-1875AB149657}.Ad-Hoc|iPhoneSimulator.Build.0 = Debug|Any CPU
		{5E2EA4E1-88A4-4854-8730-1875AB149657}.Ad-Hoc|x64.ActiveCfg = Debug|Any CPU
		{5E2EA4E1-88A4-4854-8730-1875AB149657}.Ad-Hoc|x64.Build.0 = Debug|Any CPU
		{5E2EA4E1-88A4-4854-8730-1875AB149657}.Ad-Hoc|x86.ActiveCfg = Debug|Any CPU
		{5E2EA4E1-88A4-4854-8730-1875AB149657}.Ad-Hoc|x86.Build.0 = Debug|Any CPU
		{5E2EA4E1-88A4-4854-8730-1875AB149657}.AppStore|Any CPU.ActiveCfg = Debug|Any CPU
		{5E2EA4E1-88A4-4854-8730-1875AB149657}.AppStore|Any CPU.Build.0 = Debug|Any CPU
		{5E2EA4E1-88A4-4854-8730-1875AB149657}.AppStore|ARM.ActiveCfg = Debug|Any CPU
		{5E2EA4E1-88A4-4854-8730-1875AB149657}.AppStore|ARM.Build.0 = Debug|Any CPU
		{5E2EA4E1-88A4-4854-8730-1875AB149657}.AppStore|iPhone.ActiveCfg = Debug|Any CPU
		{5E2EA4E1-88A4-4854-8730-1875AB149657}.AppStore|iPhone.Build.0 = Debug|Any CPU
		{5E2EA4E1-88A4-4854-8730-1875AB149657}.AppStore|iPhoneSimulator.ActiveCfg = Debug|Any CPU
		{5E2EA4E1-88A4-4854-8730-1875AB149657}.AppStore|iPhoneSimulator.Build.0 = Debug|Any CPU
		{5E2EA4E1-88A4-4854-8730-1875AB149657}.AppStore|x64.ActiveCfg = Debug|Any CPU
		{5E2EA4E1-88A4-4854-8730-1875AB149657}.AppStore|x64.Build.0 = Debug|Any CPU
		{5E2EA4E1-88A4-4854-8730-1875AB149657}.AppStore|x86.ActiveCfg = Debug|Any CPU
		{5E2EA4E1-88A4-4854-8730-1875AB149657}.AppStore|x86.Build.0 = Debug|Any CPU
		{5E2EA4E1-88A4-4854-8730-1875AB149657}.Debug|Any CPU.ActiveCfg = Debug|Any CPU
		{5E2EA4E1-88A4-4854-8730-1875AB149657}.Debug|Any CPU.Build.0 = Debug|Any CPU
		{5E2EA4E1-88A4-4854-8730-1875AB149657}.Debug|ARM.ActiveCfg = Debug|Any CPU
		{5E2EA4E1-88A4-4854-8730-1875AB149657}.Debug|ARM.Build.0 = Debug|Any CPU
		{5E2EA4E1-88A4-4854-8730-1875AB149657}.Debug|iPhone.ActiveCfg = Debug|Any CPU
		{5E2EA4E1-88A4-4854-8730-1875AB149657}.Debug|iPhone.Build.0 = Debug|Any CPU
		{5E2EA4E1-88A4-4854-8730-1875AB149657}.Debug|iPhoneSimulator.ActiveCfg = Debug|Any CPU
		{5E2EA4E1-88A4-4854-8730-1875AB149657}.Debug|iPhoneSimulator.Build.0 = Debug|Any CPU
		{5E2EA4E1-88A4-4854-8730-1875AB149657}.Debug|x64.ActiveCfg = Debug|Any CPU
		{5E2EA4E1-88A4-4854-8730-1875AB149657}.Debug|x64.Build.0 = Debug|Any CPU
		{5E2EA4E1-88A4-4854-8730-1875AB149657}.Debug|x86.ActiveCfg = Debug|Any CPU
		{5E2EA4E1-88A4-4854-8730-1875AB149657}.Debug|x86.Build.0 = Debug|Any CPU
		{5E2EA4E1-88A4-4854-8730-1875AB149657}.Release|Any CPU.ActiveCfg = Release|Any CPU
		{5E2EA4E1-88A4-4854-8730-1875AB149657}.Release|Any CPU.Build.0 = Release|Any CPU
		{5E2EA4E1-88A4-4854-8730-1875AB149657}.Release|ARM.ActiveCfg = Release|Any CPU
		{5E2EA4E1-88A4-4854-8730-1875AB149657}.Release|ARM.Build.0 = Release|Any CPU
		{5E2EA4E1-88A4-4854-8730-1875AB149657}.Release|iPhone.ActiveCfg = Release|Any CPU
		{5E2EA4E1-88A4-4854-8730-1875AB149657}.Release|iPhone.Build.0 = Release|Any CPU
		{5E2EA4E1-88A4-4854-8730-1875AB149657}.Release|iPhoneSimulator.ActiveCfg = Release|Any CPU
		{5E2EA4E1-88A4-4854-8730-1875AB149657}.Release|iPhoneSimulator.Build.0 = Release|Any CPU
		{5E2EA4E1-88A4-4854-8730-1875AB149657}.Release|x64.ActiveCfg = Release|Any CPU
		{5E2EA4E1-88A4-4854-8730-1875AB149657}.Release|x64.Build.0 = Release|Any CPU
		{5E2EA4E1-88A4-4854-8730-1875AB149657}.Release|x86.ActiveCfg = Release|Any CPU
		{5E2EA4E1-88A4-4854-8730-1875AB149657}.Release|x86.Build.0 = Release|Any CPU
		{BFEDAADE-FBEF-4698-83DE-5FD2BC4FB975}.Ad-Hoc|Any CPU.ActiveCfg = Ad-Hoc|iPhone
		{BFEDAADE-FBEF-4698-83DE-5FD2BC4FB975}.Ad-Hoc|ARM.ActiveCfg = Ad-Hoc|iPhone
		{BFEDAADE-FBEF-4698-83DE-5FD2BC4FB975}.Ad-Hoc|iPhone.ActiveCfg = Ad-Hoc|iPhone
		{BFEDAADE-FBEF-4698-83DE-5FD2BC4FB975}.Ad-Hoc|iPhone.Build.0 = Ad-Hoc|iPhone
		{BFEDAADE-FBEF-4698-83DE-5FD2BC4FB975}.Ad-Hoc|iPhoneSimulator.ActiveCfg = Ad-Hoc|iPhoneSimulator
		{BFEDAADE-FBEF-4698-83DE-5FD2BC4FB975}.Ad-Hoc|iPhoneSimulator.Build.0 = Ad-Hoc|iPhoneSimulator
		{BFEDAADE-FBEF-4698-83DE-5FD2BC4FB975}.Ad-Hoc|x64.ActiveCfg = Ad-Hoc|iPhone
		{BFEDAADE-FBEF-4698-83DE-5FD2BC4FB975}.Ad-Hoc|x86.ActiveCfg = Ad-Hoc|iPhone
		{BFEDAADE-FBEF-4698-83DE-5FD2BC4FB975}.AppStore|Any CPU.ActiveCfg = AppStore|iPhone
		{BFEDAADE-FBEF-4698-83DE-5FD2BC4FB975}.AppStore|ARM.ActiveCfg = AppStore|iPhone
		{BFEDAADE-FBEF-4698-83DE-5FD2BC4FB975}.AppStore|iPhone.ActiveCfg = AppStore|iPhone
		{BFEDAADE-FBEF-4698-83DE-5FD2BC4FB975}.AppStore|iPhone.Build.0 = AppStore|iPhone
		{BFEDAADE-FBEF-4698-83DE-5FD2BC4FB975}.AppStore|iPhoneSimulator.ActiveCfg = AppStore|iPhoneSimulator
		{BFEDAADE-FBEF-4698-83DE-5FD2BC4FB975}.AppStore|iPhoneSimulator.Build.0 = AppStore|iPhoneSimulator
		{BFEDAADE-FBEF-4698-83DE-5FD2BC4FB975}.AppStore|x64.ActiveCfg = AppStore|iPhone
		{BFEDAADE-FBEF-4698-83DE-5FD2BC4FB975}.AppStore|x86.ActiveCfg = AppStore|iPhone
		{BFEDAADE-FBEF-4698-83DE-5FD2BC4FB975}.Debug|Any CPU.ActiveCfg = Debug|iPhone
		{BFEDAADE-FBEF-4698-83DE-5FD2BC4FB975}.Debug|ARM.ActiveCfg = Debug|iPhone
		{BFEDAADE-FBEF-4698-83DE-5FD2BC4FB975}.Debug|iPhone.ActiveCfg = Debug|iPhone
		{BFEDAADE-FBEF-4698-83DE-5FD2BC4FB975}.Debug|iPhone.Build.0 = Debug|iPhone
		{BFEDAADE-FBEF-4698-83DE-5FD2BC4FB975}.Debug|iPhoneSimulator.ActiveCfg = Debug|iPhoneSimulator
		{BFEDAADE-FBEF-4698-83DE-5FD2BC4FB975}.Debug|iPhoneSimulator.Build.0 = Debug|iPhoneSimulator
		{BFEDAADE-FBEF-4698-83DE-5FD2BC4FB975}.Debug|x64.ActiveCfg = Debug|iPhone
		{BFEDAADE-FBEF-4698-83DE-5FD2BC4FB975}.Debug|x86.ActiveCfg = Debug|iPhone
		{BFEDAADE-FBEF-4698-83DE-5FD2BC4FB975}.Release|Any CPU.ActiveCfg = Release|iPhone
		{BFEDAADE-FBEF-4698-83DE-5FD2BC4FB975}.Release|ARM.ActiveCfg = Release|iPhone
		{BFEDAADE-FBEF-4698-83DE-5FD2BC4FB975}.Release|iPhone.ActiveCfg = Release|iPhone
		{BFEDAADE-FBEF-4698-83DE-5FD2BC4FB975}.Release|iPhone.Build.0 = Release|iPhone
		{BFEDAADE-FBEF-4698-83DE-5FD2BC4FB975}.Release|iPhoneSimulator.ActiveCfg = Release|iPhoneSimulator
		{BFEDAADE-FBEF-4698-83DE-5FD2BC4FB975}.Release|iPhoneSimulator.Build.0 = Release|iPhoneSimulator
		{BFEDAADE-FBEF-4698-83DE-5FD2BC4FB975}.Release|x64.ActiveCfg = Release|iPhone
		{BFEDAADE-FBEF-4698-83DE-5FD2BC4FB975}.Release|x86.ActiveCfg = Release|iPhone
		{713E926A-76D6-4BF1-86A7-E54D5359946E}.Ad-Hoc|Any CPU.ActiveCfg = Release|x86
		{713E926A-76D6-4BF1-86A7-E54D5359946E}.Ad-Hoc|Any CPU.Build.0 = Release|x86
		{713E926A-76D6-4BF1-86A7-E54D5359946E}.Ad-Hoc|Any CPU.Deploy.0 = Release|x86
		{713E926A-76D6-4BF1-86A7-E54D5359946E}.Ad-Hoc|ARM.ActiveCfg = Release|ARM
		{713E926A-76D6-4BF1-86A7-E54D5359946E}.Ad-Hoc|ARM.Build.0 = Release|ARM
		{713E926A-76D6-4BF1-86A7-E54D5359946E}.Ad-Hoc|ARM.Deploy.0 = Release|ARM
		{713E926A-76D6-4BF1-86A7-E54D5359946E}.Ad-Hoc|iPhone.ActiveCfg = Release|x86
		{713E926A-76D6-4BF1-86A7-E54D5359946E}.Ad-Hoc|iPhone.Build.0 = Release|x86
		{713E926A-76D6-4BF1-86A7-E54D5359946E}.Ad-Hoc|iPhone.Deploy.0 = Release|x86
		{713E926A-76D6-4BF1-86A7-E54D5359946E}.Ad-Hoc|iPhoneSimulator.ActiveCfg = Release|x86
		{713E926A-76D6-4BF1-86A7-E54D5359946E}.Ad-Hoc|iPhoneSimulator.Build.0 = Release|x86
		{713E926A-76D6-4BF1-86A7-E54D5359946E}.Ad-Hoc|iPhoneSimulator.Deploy.0 = Release|x86
		{713E926A-76D6-4BF1-86A7-E54D5359946E}.Ad-Hoc|x64.ActiveCfg = Release|x64
		{713E926A-76D6-4BF1-86A7-E54D5359946E}.Ad-Hoc|x64.Build.0 = Release|x64
		{713E926A-76D6-4BF1-86A7-E54D5359946E}.Ad-Hoc|x64.Deploy.0 = Release|x64
		{713E926A-76D6-4BF1-86A7-E54D5359946E}.Ad-Hoc|x86.ActiveCfg = Release|x86
		{713E926A-76D6-4BF1-86A7-E54D5359946E}.Ad-Hoc|x86.Build.0 = Release|x86
		{713E926A-76D6-4BF1-86A7-E54D5359946E}.Ad-Hoc|x86.Deploy.0 = Release|x86
		{713E926A-76D6-4BF1-86A7-E54D5359946E}.AppStore|Any CPU.ActiveCfg = Release|x86
		{713E926A-76D6-4BF1-86A7-E54D5359946E}.AppStore|Any CPU.Build.0 = Release|x86
		{713E926A-76D6-4BF1-86A7-E54D5359946E}.AppStore|Any CPU.Deploy.0 = Release|x86
		{713E926A-76D6-4BF1-86A7-E54D5359946E}.AppStore|ARM.ActiveCfg = Release|ARM
		{713E926A-76D6-4BF1-86A7-E54D5359946E}.AppStore|ARM.Build.0 = Release|ARM
		{713E926A-76D6-4BF1-86A7-E54D5359946E}.AppStore|ARM.Deploy.0 = Release|ARM
		{713E926A-76D6-4BF1-86A7-E54D5359946E}.AppStore|iPhone.ActiveCfg = Release|x86
		{713E926A-76D6-4BF1-86A7-E54D5359946E}.AppStore|iPhone.Build.0 = Release|x86
		{713E926A-76D6-4BF1-86A7-E54D5359946E}.AppStore|iPhone.Deploy.0 = Release|x86
		{713E926A-76D6-4BF1-86A7-E54D5359946E}.AppStore|iPhoneSimulator.ActiveCfg = Release|x86
		{713E926A-76D6-4BF1-86A7-E54D5359946E}.AppStore|iPhoneSimulator.Build.0 = Release|x86
		{713E926A-76D6-4BF1-86A7-E54D5359946E}.AppStore|iPhoneSimulator.Deploy.0 = Release|x86
		{713E926A-76D6-4BF1-86A7-E54D5359946E}.AppStore|x64.ActiveCfg = Release|x64
		{713E926A-76D6-4BF1-86A7-E54D5359946E}.AppStore|x64.Build.0 = Release|x64
		{713E926A-76D6-4BF1-86A7-E54D5359946E}.AppStore|x64.Deploy.0 = Release|x64
		{713E926A-76D6-4BF1-86A7-E54D5359946E}.AppStore|x86.ActiveCfg = Release|x86
		{713E926A-76D6-4BF1-86A7-E54D5359946E}.AppStore|x86.Build.0 = Release|x86
		{713E926A-76D6-4BF1-86A7-E54D5359946E}.AppStore|x86.Deploy.0 = Release|x86
		{713E926A-76D6-4BF1-86A7-E54D5359946E}.Debug|Any CPU.ActiveCfg = Debug|x86
		{713E926A-76D6-4BF1-86A7-E54D5359946E}.Debug|ARM.ActiveCfg = Debug|ARM
		{713E926A-76D6-4BF1-86A7-E54D5359946E}.Debug|ARM.Build.0 = Debug|ARM
		{713E926A-76D6-4BF1-86A7-E54D5359946E}.Debug|ARM.Deploy.0 = Debug|ARM
		{713E926A-76D6-4BF1-86A7-E54D5359946E}.Debug|iPhone.ActiveCfg = Debug|x86
		{713E926A-76D6-4BF1-86A7-E54D5359946E}.Debug|iPhoneSimulator.ActiveCfg = Debug|x86
		{713E926A-76D6-4BF1-86A7-E54D5359946E}.Debug|x64.ActiveCfg = Debug|x64
		{713E926A-76D6-4BF1-86A7-E54D5359946E}.Debug|x64.Build.0 = Debug|x64
		{713E926A-76D6-4BF1-86A7-E54D5359946E}.Debug|x64.Deploy.0 = Debug|x64
		{713E926A-76D6-4BF1-86A7-E54D5359946E}.Debug|x86.ActiveCfg = Debug|x86
		{713E926A-76D6-4BF1-86A7-E54D5359946E}.Debug|x86.Build.0 = Debug|x86
		{713E926A-76D6-4BF1-86A7-E54D5359946E}.Debug|x86.Deploy.0 = Debug|x86
		{713E926A-76D6-4BF1-86A7-E54D5359946E}.Release|Any CPU.ActiveCfg = Release|x86
		{713E926A-76D6-4BF1-86A7-E54D5359946E}.Release|ARM.ActiveCfg = Release|ARM
		{713E926A-76D6-4BF1-86A7-E54D5359946E}.Release|ARM.Build.0 = Release|ARM
		{713E926A-76D6-4BF1-86A7-E54D5359946E}.Release|ARM.Deploy.0 = Release|ARM
		{713E926A-76D6-4BF1-86A7-E54D5359946E}.Release|iPhone.ActiveCfg = Release|x86
		{713E926A-76D6-4BF1-86A7-E54D5359946E}.Release|iPhoneSimulator.ActiveCfg = Release|x86
		{713E926A-76D6-4BF1-86A7-E54D5359946E}.Release|x64.ActiveCfg = Release|x64
		{713E926A-76D6-4BF1-86A7-E54D5359946E}.Release|x64.Build.0 = Release|x64
		{713E926A-76D6-4BF1-86A7-E54D5359946E}.Release|x64.Deploy.0 = Release|x64
		{713E926A-76D6-4BF1-86A7-E54D5359946E}.Release|x86.ActiveCfg = Release|x86
		{713E926A-76D6-4BF1-86A7-E54D5359946E}.Release|x86.Build.0 = Release|x86
		{713E926A-76D6-4BF1-86A7-E54D5359946E}.Release|x86.Deploy.0 = Release|x86
		{855FCB0E-7D64-4FEE-9560-EEF2050068F4}.Ad-Hoc|Any CPU.ActiveCfg = Release|Any CPU
		{855FCB0E-7D64-4FEE-9560-EEF2050068F4}.Ad-Hoc|Any CPU.Build.0 = Release|Any CPU
		{855FCB0E-7D64-4FEE-9560-EEF2050068F4}.Ad-Hoc|ARM.ActiveCfg = Release|Any CPU
		{855FCB0E-7D64-4FEE-9560-EEF2050068F4}.Ad-Hoc|ARM.Build.0 = Release|Any CPU
		{855FCB0E-7D64-4FEE-9560-EEF2050068F4}.Ad-Hoc|iPhone.ActiveCfg = Release|Any CPU
		{855FCB0E-7D64-4FEE-9560-EEF2050068F4}.Ad-Hoc|iPhone.Build.0 = Release|Any CPU
		{855FCB0E-7D64-4FEE-9560-EEF2050068F4}.Ad-Hoc|iPhoneSimulator.ActiveCfg = Release|Any CPU
		{855FCB0E-7D64-4FEE-9560-EEF2050068F4}.Ad-Hoc|iPhoneSimulator.Build.0 = Release|Any CPU
		{855FCB0E-7D64-4FEE-9560-EEF2050068F4}.Ad-Hoc|x64.ActiveCfg = Release|Any CPU
		{855FCB0E-7D64-4FEE-9560-EEF2050068F4}.Ad-Hoc|x64.Build.0 = Release|Any CPU
		{855FCB0E-7D64-4FEE-9560-EEF2050068F4}.Ad-Hoc|x86.ActiveCfg = Release|Any CPU
		{855FCB0E-7D64-4FEE-9560-EEF2050068F4}.Ad-Hoc|x86.Build.0 = Release|Any CPU
		{855FCB0E-7D64-4FEE-9560-EEF2050068F4}.AppStore|Any CPU.ActiveCfg = Release|Any CPU
		{855FCB0E-7D64-4FEE-9560-EEF2050068F4}.AppStore|Any CPU.Build.0 = Release|Any CPU
		{855FCB0E-7D64-4FEE-9560-EEF2050068F4}.AppStore|ARM.ActiveCfg = Release|Any CPU
		{855FCB0E-7D64-4FEE-9560-EEF2050068F4}.AppStore|ARM.Build.0 = Release|Any CPU
		{855FCB0E-7D64-4FEE-9560-EEF2050068F4}.AppStore|iPhone.ActiveCfg = Release|Any CPU
		{855FCB0E-7D64-4FEE-9560-EEF2050068F4}.AppStore|iPhone.Build.0 = Release|Any CPU
		{855FCB0E-7D64-4FEE-9560-EEF2050068F4}.AppStore|iPhoneSimulator.ActiveCfg = Release|Any CPU
		{855FCB0E-7D64-4FEE-9560-EEF2050068F4}.AppStore|iPhoneSimulator.Build.0 = Release|Any CPU
		{855FCB0E-7D64-4FEE-9560-EEF2050068F4}.AppStore|x64.ActiveCfg = Release|Any CPU
		{855FCB0E-7D64-4FEE-9560-EEF2050068F4}.AppStore|x64.Build.0 = Release|Any CPU
		{855FCB0E-7D64-4FEE-9560-EEF2050068F4}.AppStore|x86.ActiveCfg = Release|Any CPU
		{855FCB0E-7D64-4FEE-9560-EEF2050068F4}.AppStore|x86.Build.0 = Release|Any CPU
		{855FCB0E-7D64-4FEE-9560-EEF2050068F4}.Debug|Any CPU.ActiveCfg = Debug|Any CPU
		{855FCB0E-7D64-4FEE-9560-EEF2050068F4}.Debug|Any CPU.Build.0 = Debug|Any CPU
		{855FCB0E-7D64-4FEE-9560-EEF2050068F4}.Debug|ARM.ActiveCfg = Debug|Any CPU
		{855FCB0E-7D64-4FEE-9560-EEF2050068F4}.Debug|ARM.Build.0 = Debug|Any CPU
		{855FCB0E-7D64-4FEE-9560-EEF2050068F4}.Debug|iPhone.ActiveCfg = Debug|Any CPU
		{855FCB0E-7D64-4FEE-9560-EEF2050068F4}.Debug|iPhone.Build.0 = Debug|Any CPU
		{855FCB0E-7D64-4FEE-9560-EEF2050068F4}.Debug|iPhoneSimulator.ActiveCfg = Debug|Any CPU
		{855FCB0E-7D64-4FEE-9560-EEF2050068F4}.Debug|iPhoneSimulator.Build.0 = Debug|Any CPU
		{855FCB0E-7D64-4FEE-9560-EEF2050068F4}.Debug|x64.ActiveCfg = Debug|Any CPU
		{855FCB0E-7D64-4FEE-9560-EEF2050068F4}.Debug|x64.Build.0 = Debug|Any CPU
		{855FCB0E-7D64-4FEE-9560-EEF2050068F4}.Debug|x86.ActiveCfg = Debug|Any CPU
		{855FCB0E-7D64-4FEE-9560-EEF2050068F4}.Debug|x86.Build.0 = Debug|Any CPU
		{855FCB0E-7D64-4FEE-9560-EEF2050068F4}.Release|Any CPU.ActiveCfg = Release|Any CPU
		{855FCB0E-7D64-4FEE-9560-EEF2050068F4}.Release|Any CPU.Build.0 = Release|Any CPU
		{855FCB0E-7D64-4FEE-9560-EEF2050068F4}.Release|ARM.ActiveCfg = Release|Any CPU
		{855FCB0E-7D64-4FEE-9560-EEF2050068F4}.Release|ARM.Build.0 = Release|Any CPU
		{855FCB0E-7D64-4FEE-9560-EEF2050068F4}.Release|iPhone.ActiveCfg = Release|Any CPU
		{855FCB0E-7D64-4FEE-9560-EEF2050068F4}.Release|iPhone.Build.0 = Release|Any CPU
		{855FCB0E-7D64-4FEE-9560-EEF2050068F4}.Release|iPhoneSimulator.ActiveCfg = Release|Any CPU
		{855FCB0E-7D64-4FEE-9560-EEF2050068F4}.Release|iPhoneSimulator.Build.0 = Release|Any CPU
		{855FCB0E-7D64-4FEE-9560-EEF2050068F4}.Release|x64.ActiveCfg = Release|Any CPU
		{855FCB0E-7D64-4FEE-9560-EEF2050068F4}.Release|x64.Build.0 = Release|Any CPU
		{855FCB0E-7D64-4FEE-9560-EEF2050068F4}.Release|x86.ActiveCfg = Release|Any CPU
		{855FCB0E-7D64-4FEE-9560-EEF2050068F4}.Release|x86.Build.0 = Release|Any CPU
		{6C481B54-CA46-4440-874E-53A90C5535E4}.Ad-Hoc|Any CPU.ActiveCfg = Release|Any CPU
		{6C481B54-CA46-4440-874E-53A90C5535E4}.Ad-Hoc|Any CPU.Build.0 = Release|Any CPU
		{6C481B54-CA46-4440-874E-53A90C5535E4}.Ad-Hoc|ARM.ActiveCfg = Release|Any CPU
		{6C481B54-CA46-4440-874E-53A90C5535E4}.Ad-Hoc|ARM.Build.0 = Release|Any CPU
		{6C481B54-CA46-4440-874E-53A90C5535E4}.Ad-Hoc|iPhone.ActiveCfg = Release|Any CPU
		{6C481B54-CA46-4440-874E-53A90C5535E4}.Ad-Hoc|iPhone.Build.0 = Release|Any CPU
		{6C481B54-CA46-4440-874E-53A90C5535E4}.Ad-Hoc|iPhoneSimulator.ActiveCfg = Release|Any CPU
		{6C481B54-CA46-4440-874E-53A90C5535E4}.Ad-Hoc|iPhoneSimulator.Build.0 = Release|Any CPU
		{6C481B54-CA46-4440-874E-53A90C5535E4}.Ad-Hoc|x64.ActiveCfg = Release|Any CPU
		{6C481B54-CA46-4440-874E-53A90C5535E4}.Ad-Hoc|x64.Build.0 = Release|Any CPU
		{6C481B54-CA46-4440-874E-53A90C5535E4}.Ad-Hoc|x86.ActiveCfg = Release|Any CPU
		{6C481B54-CA46-4440-874E-53A90C5535E4}.Ad-Hoc|x86.Build.0 = Release|Any CPU
		{6C481B54-CA46-4440-874E-53A90C5535E4}.AppStore|Any CPU.ActiveCfg = Release|Any CPU
		{6C481B54-CA46-4440-874E-53A90C5535E4}.AppStore|Any CPU.Build.0 = Release|Any CPU
		{6C481B54-CA46-4440-874E-53A90C5535E4}.AppStore|ARM.ActiveCfg = Release|Any CPU
		{6C481B54-CA46-4440-874E-53A90C5535E4}.AppStore|ARM.Build.0 = Release|Any CPU
		{6C481B54-CA46-4440-874E-53A90C5535E4}.AppStore|iPhone.ActiveCfg = Release|Any CPU
		{6C481B54-CA46-4440-874E-53A90C5535E4}.AppStore|iPhone.Build.0 = Release|Any CPU
		{6C481B54-CA46-4440-874E-53A90C5535E4}.AppStore|iPhoneSimulator.ActiveCfg = Release|Any CPU
		{6C481B54-CA46-4440-874E-53A90C5535E4}.AppStore|iPhoneSimulator.Build.0 = Release|Any CPU
		{6C481B54-CA46-4440-874E-53A90C5535E4}.AppStore|x64.ActiveCfg = Release|Any CPU
		{6C481B54-CA46-4440-874E-53A90C5535E4}.AppStore|x64.Build.0 = Release|Any CPU
		{6C481B54-CA46-4440-874E-53A90C5535E4}.AppStore|x86.ActiveCfg = Release|Any CPU
		{6C481B54-CA46-4440-874E-53A90C5535E4}.AppStore|x86.Build.0 = Release|Any CPU
		{6C481B54-CA46-4440-874E-53A90C5535E4}.Debug|Any CPU.ActiveCfg = Debug|Any CPU
		{6C481B54-CA46-4440-874E-53A90C5535E4}.Debug|Any CPU.Build.0 = Debug|Any CPU
		{6C481B54-CA46-4440-874E-53A90C5535E4}.Debug|ARM.ActiveCfg = Debug|Any CPU
		{6C481B54-CA46-4440-874E-53A90C5535E4}.Debug|ARM.Build.0 = Debug|Any CPU
		{6C481B54-CA46-4440-874E-53A90C5535E4}.Debug|iPhone.ActiveCfg = Debug|Any CPU
		{6C481B54-CA46-4440-874E-53A90C5535E4}.Debug|iPhone.Build.0 = Debug|Any CPU
		{6C481B54-CA46-4440-874E-53A90C5535E4}.Debug|iPhoneSimulator.ActiveCfg = Debug|Any CPU
		{6C481B54-CA46-4440-874E-53A90C5535E4}.Debug|iPhoneSimulator.Build.0 = Debug|Any CPU
		{6C481B54-CA46-4440-874E-53A90C5535E4}.Debug|x64.ActiveCfg = Debug|Any CPU
		{6C481B54-CA46-4440-874E-53A90C5535E4}.Debug|x64.Build.0 = Debug|Any CPU
		{6C481B54-CA46-4440-874E-53A90C5535E4}.Debug|x86.ActiveCfg = Debug|Any CPU
		{6C481B54-CA46-4440-874E-53A90C5535E4}.Debug|x86.Build.0 = Debug|Any CPU
		{6C481B54-CA46-4440-874E-53A90C5535E4}.Release|Any CPU.ActiveCfg = Release|Any CPU
		{6C481B54-CA46-4440-874E-53A90C5535E4}.Release|Any CPU.Build.0 = Release|Any CPU
		{6C481B54-CA46-4440-874E-53A90C5535E4}.Release|ARM.ActiveCfg = Release|Any CPU
		{6C481B54-CA46-4440-874E-53A90C5535E4}.Release|ARM.Build.0 = Release|Any CPU
		{6C481B54-CA46-4440-874E-53A90C5535E4}.Release|iPhone.ActiveCfg = Release|Any CPU
		{6C481B54-CA46-4440-874E-53A90C5535E4}.Release|iPhone.Build.0 = Release|Any CPU
		{6C481B54-CA46-4440-874E-53A90C5535E4}.Release|iPhoneSimulator.ActiveCfg = Release|Any CPU
		{6C481B54-CA46-4440-874E-53A90C5535E4}.Release|iPhoneSimulator.Build.0 = Release|Any CPU
		{6C481B54-CA46-4440-874E-53A90C5535E4}.Release|x64.ActiveCfg = Release|Any CPU
		{6C481B54-CA46-4440-874E-53A90C5535E4}.Release|x64.Build.0 = Release|Any CPU
		{6C481B54-CA46-4440-874E-53A90C5535E4}.Release|x86.ActiveCfg = Release|Any CPU
		{6C481B54-CA46-4440-874E-53A90C5535E4}.Release|x86.Build.0 = Release|Any CPU
		{155F8FA7-92D0-4860-A3EE-477E3B7EBE6D}.Ad-Hoc|Any CPU.ActiveCfg = Release|Any CPU
		{155F8FA7-92D0-4860-A3EE-477E3B7EBE6D}.Ad-Hoc|Any CPU.Build.0 = Release|Any CPU
		{155F8FA7-92D0-4860-A3EE-477E3B7EBE6D}.Ad-Hoc|ARM.ActiveCfg = Release|Any CPU
		{155F8FA7-92D0-4860-A3EE-477E3B7EBE6D}.Ad-Hoc|ARM.Build.0 = Release|Any CPU
		{155F8FA7-92D0-4860-A3EE-477E3B7EBE6D}.Ad-Hoc|iPhone.ActiveCfg = Release|Any CPU
		{155F8FA7-92D0-4860-A3EE-477E3B7EBE6D}.Ad-Hoc|iPhone.Build.0 = Release|Any CPU
		{155F8FA7-92D0-4860-A3EE-477E3B7EBE6D}.Ad-Hoc|iPhoneSimulator.ActiveCfg = Release|Any CPU
		{155F8FA7-92D0-4860-A3EE-477E3B7EBE6D}.Ad-Hoc|iPhoneSimulator.Build.0 = Release|Any CPU
		{155F8FA7-92D0-4860-A3EE-477E3B7EBE6D}.Ad-Hoc|x64.ActiveCfg = Release|Any CPU
		{155F8FA7-92D0-4860-A3EE-477E3B7EBE6D}.Ad-Hoc|x64.Build.0 = Release|Any CPU
		{155F8FA7-92D0-4860-A3EE-477E3B7EBE6D}.Ad-Hoc|x86.ActiveCfg = Release|Any CPU
		{155F8FA7-92D0-4860-A3EE-477E3B7EBE6D}.Ad-Hoc|x86.Build.0 = Release|Any CPU
		{155F8FA7-92D0-4860-A3EE-477E3B7EBE6D}.AppStore|Any CPU.ActiveCfg = Release|Any CPU
		{155F8FA7-92D0-4860-A3EE-477E3B7EBE6D}.AppStore|Any CPU.Build.0 = Release|Any CPU
		{155F8FA7-92D0-4860-A3EE-477E3B7EBE6D}.AppStore|ARM.ActiveCfg = Release|Any CPU
		{155F8FA7-92D0-4860-A3EE-477E3B7EBE6D}.AppStore|ARM.Build.0 = Release|Any CPU
		{155F8FA7-92D0-4860-A3EE-477E3B7EBE6D}.AppStore|iPhone.ActiveCfg = Release|Any CPU
		{155F8FA7-92D0-4860-A3EE-477E3B7EBE6D}.AppStore|iPhone.Build.0 = Release|Any CPU
		{155F8FA7-92D0-4860-A3EE-477E3B7EBE6D}.AppStore|iPhoneSimulator.ActiveCfg = Release|Any CPU
		{155F8FA7-92D0-4860-A3EE-477E3B7EBE6D}.AppStore|iPhoneSimulator.Build.0 = Release|Any CPU
		{155F8FA7-92D0-4860-A3EE-477E3B7EBE6D}.AppStore|x64.ActiveCfg = Release|Any CPU
		{155F8FA7-92D0-4860-A3EE-477E3B7EBE6D}.AppStore|x64.Build.0 = Release|Any CPU
		{155F8FA7-92D0-4860-A3EE-477E3B7EBE6D}.AppStore|x86.ActiveCfg = Release|Any CPU
		{155F8FA7-92D0-4860-A3EE-477E3B7EBE6D}.AppStore|x86.Build.0 = Release|Any CPU
		{155F8FA7-92D0-4860-A3EE-477E3B7EBE6D}.Debug|Any CPU.ActiveCfg = Debug|Any CPU
		{155F8FA7-92D0-4860-A3EE-477E3B7EBE6D}.Debug|Any CPU.Build.0 = Debug|Any CPU
		{155F8FA7-92D0-4860-A3EE-477E3B7EBE6D}.Debug|Any CPU.Deploy.0 = Debug|Any CPU
		{155F8FA7-92D0-4860-A3EE-477E3B7EBE6D}.Debug|ARM.ActiveCfg = Debug|Any CPU
		{155F8FA7-92D0-4860-A3EE-477E3B7EBE6D}.Debug|ARM.Build.0 = Debug|Any CPU
		{155F8FA7-92D0-4860-A3EE-477E3B7EBE6D}.Debug|iPhone.ActiveCfg = Debug|Any CPU
		{155F8FA7-92D0-4860-A3EE-477E3B7EBE6D}.Debug|iPhone.Build.0 = Debug|Any CPU
		{155F8FA7-92D0-4860-A3EE-477E3B7EBE6D}.Debug|iPhoneSimulator.ActiveCfg = Debug|Any CPU
		{155F8FA7-92D0-4860-A3EE-477E3B7EBE6D}.Debug|iPhoneSimulator.Build.0 = Debug|Any CPU
		{155F8FA7-92D0-4860-A3EE-477E3B7EBE6D}.Debug|x64.ActiveCfg = Debug|Any CPU
		{155F8FA7-92D0-4860-A3EE-477E3B7EBE6D}.Debug|x64.Build.0 = Debug|Any CPU
		{155F8FA7-92D0-4860-A3EE-477E3B7EBE6D}.Debug|x86.ActiveCfg = Debug|Any CPU
		{155F8FA7-92D0-4860-A3EE-477E3B7EBE6D}.Debug|x86.Build.0 = Debug|Any CPU
		{155F8FA7-92D0-4860-A3EE-477E3B7EBE6D}.Release|Any CPU.ActiveCfg = Release|Any CPU
		{155F8FA7-92D0-4860-A3EE-477E3B7EBE6D}.Release|Any CPU.Build.0 = Release|Any CPU
		{155F8FA7-92D0-4860-A3EE-477E3B7EBE6D}.Release|Any CPU.Deploy.0 = Release|Any CPU
		{155F8FA7-92D0-4860-A3EE-477E3B7EBE6D}.Release|ARM.ActiveCfg = Release|Any CPU
		{155F8FA7-92D0-4860-A3EE-477E3B7EBE6D}.Release|ARM.Build.0 = Release|Any CPU
		{155F8FA7-92D0-4860-A3EE-477E3B7EBE6D}.Release|iPhone.ActiveCfg = Release|Any CPU
		{155F8FA7-92D0-4860-A3EE-477E3B7EBE6D}.Release|iPhone.Build.0 = Release|Any CPU
		{155F8FA7-92D0-4860-A3EE-477E3B7EBE6D}.Release|iPhoneSimulator.ActiveCfg = Release|Any CPU
		{155F8FA7-92D0-4860-A3EE-477E3B7EBE6D}.Release|iPhoneSimulator.Build.0 = Release|Any CPU
		{155F8FA7-92D0-4860-A3EE-477E3B7EBE6D}.Release|x64.ActiveCfg = Release|Any CPU
		{155F8FA7-92D0-4860-A3EE-477E3B7EBE6D}.Release|x64.Build.0 = Release|Any CPU
		{155F8FA7-92D0-4860-A3EE-477E3B7EBE6D}.Release|x86.ActiveCfg = Release|Any CPU
		{155F8FA7-92D0-4860-A3EE-477E3B7EBE6D}.Release|x86.Build.0 = Release|Any CPU
		{DAFE9BF6-FEFA-4818-9F0A-9128A9741CAB}.Ad-Hoc|Any CPU.ActiveCfg = Release|Any CPU
		{DAFE9BF6-FEFA-4818-9F0A-9128A9741CAB}.Ad-Hoc|Any CPU.Build.0 = Release|Any CPU
		{DAFE9BF6-FEFA-4818-9F0A-9128A9741CAB}.Ad-Hoc|ARM.ActiveCfg = Release|Any CPU
		{DAFE9BF6-FEFA-4818-9F0A-9128A9741CAB}.Ad-Hoc|ARM.Build.0 = Release|Any CPU
		{DAFE9BF6-FEFA-4818-9F0A-9128A9741CAB}.Ad-Hoc|iPhone.ActiveCfg = Release|Any CPU
		{DAFE9BF6-FEFA-4818-9F0A-9128A9741CAB}.Ad-Hoc|iPhone.Build.0 = Release|Any CPU
		{DAFE9BF6-FEFA-4818-9F0A-9128A9741CAB}.Ad-Hoc|iPhoneSimulator.ActiveCfg = Release|Any CPU
		{DAFE9BF6-FEFA-4818-9F0A-9128A9741CAB}.Ad-Hoc|iPhoneSimulator.Build.0 = Release|Any CPU
		{DAFE9BF6-FEFA-4818-9F0A-9128A9741CAB}.Ad-Hoc|x64.ActiveCfg = Release|Any CPU
		{DAFE9BF6-FEFA-4818-9F0A-9128A9741CAB}.Ad-Hoc|x64.Build.0 = Release|Any CPU
		{DAFE9BF6-FEFA-4818-9F0A-9128A9741CAB}.Ad-Hoc|x86.ActiveCfg = Release|Any CPU
		{DAFE9BF6-FEFA-4818-9F0A-9128A9741CAB}.Ad-Hoc|x86.Build.0 = Release|Any CPU
		{DAFE9BF6-FEFA-4818-9F0A-9128A9741CAB}.AppStore|Any CPU.ActiveCfg = Release|Any CPU
		{DAFE9BF6-FEFA-4818-9F0A-9128A9741CAB}.AppStore|Any CPU.Build.0 = Release|Any CPU
		{DAFE9BF6-FEFA-4818-9F0A-9128A9741CAB}.AppStore|ARM.ActiveCfg = Release|Any CPU
		{DAFE9BF6-FEFA-4818-9F0A-9128A9741CAB}.AppStore|ARM.Build.0 = Release|Any CPU
		{DAFE9BF6-FEFA-4818-9F0A-9128A9741CAB}.AppStore|iPhone.ActiveCfg = Release|Any CPU
		{DAFE9BF6-FEFA-4818-9F0A-9128A9741CAB}.AppStore|iPhone.Build.0 = Release|Any CPU
		{DAFE9BF6-FEFA-4818-9F0A-9128A9741CAB}.AppStore|iPhoneSimulator.ActiveCfg = Release|Any CPU
		{DAFE9BF6-FEFA-4818-9F0A-9128A9741CAB}.AppStore|iPhoneSimulator.Build.0 = Release|Any CPU
		{DAFE9BF6-FEFA-4818-9F0A-9128A9741CAB}.AppStore|x64.ActiveCfg = Release|Any CPU
		{DAFE9BF6-FEFA-4818-9F0A-9128A9741CAB}.AppStore|x64.Build.0 = Release|Any CPU
		{DAFE9BF6-FEFA-4818-9F0A-9128A9741CAB}.AppStore|x86.ActiveCfg = Release|Any CPU
		{DAFE9BF6-FEFA-4818-9F0A-9128A9741CAB}.AppStore|x86.Build.0 = Release|Any CPU
		{DAFE9BF6-FEFA-4818-9F0A-9128A9741CAB}.Debug|Any CPU.ActiveCfg = Debug|Any CPU
		{DAFE9BF6-FEFA-4818-9F0A-9128A9741CAB}.Debug|Any CPU.Build.0 = Debug|Any CPU
		{DAFE9BF6-FEFA-4818-9F0A-9128A9741CAB}.Debug|ARM.ActiveCfg = Debug|Any CPU
		{DAFE9BF6-FEFA-4818-9F0A-9128A9741CAB}.Debug|ARM.Build.0 = Debug|Any CPU
		{DAFE9BF6-FEFA-4818-9F0A-9128A9741CAB}.Debug|iPhone.ActiveCfg = Debug|Any CPU
		{DAFE9BF6-FEFA-4818-9F0A-9128A9741CAB}.Debug|iPhone.Build.0 = Debug|Any CPU
		{DAFE9BF6-FEFA-4818-9F0A-9128A9741CAB}.Debug|iPhoneSimulator.ActiveCfg = Debug|Any CPU
		{DAFE9BF6-FEFA-4818-9F0A-9128A9741CAB}.Debug|iPhoneSimulator.Build.0 = Debug|Any CPU
		{DAFE9BF6-FEFA-4818-9F0A-9128A9741CAB}.Debug|x64.ActiveCfg = Debug|Any CPU
		{DAFE9BF6-FEFA-4818-9F0A-9128A9741CAB}.Debug|x64.Build.0 = Debug|Any CPU
		{DAFE9BF6-FEFA-4818-9F0A-9128A9741CAB}.Debug|x86.ActiveCfg = Debug|Any CPU
		{DAFE9BF6-FEFA-4818-9F0A-9128A9741CAB}.Debug|x86.Build.0 = Debug|Any CPU
		{DAFE9BF6-FEFA-4818-9F0A-9128A9741CAB}.Release|Any CPU.ActiveCfg = Release|Any CPU
		{DAFE9BF6-FEFA-4818-9F0A-9128A9741CAB}.Release|Any CPU.Build.0 = Release|Any CPU
		{DAFE9BF6-FEFA-4818-9F0A-9128A9741CAB}.Release|ARM.ActiveCfg = Release|Any CPU
		{DAFE9BF6-FEFA-4818-9F0A-9128A9741CAB}.Release|ARM.Build.0 = Release|Any CPU
		{DAFE9BF6-FEFA-4818-9F0A-9128A9741CAB}.Release|iPhone.ActiveCfg = Release|Any CPU
		{DAFE9BF6-FEFA-4818-9F0A-9128A9741CAB}.Release|iPhone.Build.0 = Release|Any CPU
		{DAFE9BF6-FEFA-4818-9F0A-9128A9741CAB}.Release|iPhoneSimulator.ActiveCfg = Release|Any CPU
		{DAFE9BF6-FEFA-4818-9F0A-9128A9741CAB}.Release|iPhoneSimulator.Build.0 = Release|Any CPU
		{DAFE9BF6-FEFA-4818-9F0A-9128A9741CAB}.Release|x64.ActiveCfg = Release|Any CPU
		{DAFE9BF6-FEFA-4818-9F0A-9128A9741CAB}.Release|x64.Build.0 = Release|Any CPU
		{DAFE9BF6-FEFA-4818-9F0A-9128A9741CAB}.Release|x86.ActiveCfg = Release|Any CPU
		{DAFE9BF6-FEFA-4818-9F0A-9128A9741CAB}.Release|x86.Build.0 = Release|Any CPU
		{478609C8-6AF3-45D3-8181-A6CC92774858}.Ad-Hoc|Any CPU.ActiveCfg = Release|x64
		{478609C8-6AF3-45D3-8181-A6CC92774858}.Ad-Hoc|Any CPU.Build.0 = Release|x64
		{478609C8-6AF3-45D3-8181-A6CC92774858}.Ad-Hoc|Any CPU.Deploy.0 = Release|x64
		{478609C8-6AF3-45D3-8181-A6CC92774858}.Ad-Hoc|ARM.ActiveCfg = Release|ARM
		{478609C8-6AF3-45D3-8181-A6CC92774858}.Ad-Hoc|ARM.Build.0 = Release|ARM
		{478609C8-6AF3-45D3-8181-A6CC92774858}.Ad-Hoc|ARM.Deploy.0 = Release|ARM
		{478609C8-6AF3-45D3-8181-A6CC92774858}.Ad-Hoc|ARM64.ActiveCfg = Release|ARM64
		{478609C8-6AF3-45D3-8181-A6CC92774858}.Ad-Hoc|ARM64.Build.0 = Release|ARM64
		{478609C8-6AF3-45D3-8181-A6CC92774858}.Ad-Hoc|ARM64.Deploy.0 = Release|ARM64
		{478609C8-6AF3-45D3-8181-A6CC92774858}.Ad-Hoc|iPhone.ActiveCfg = Release|x64
		{478609C8-6AF3-45D3-8181-A6CC92774858}.Ad-Hoc|iPhone.Build.0 = Release|x64
		{478609C8-6AF3-45D3-8181-A6CC92774858}.Ad-Hoc|iPhone.Deploy.0 = Release|x64
		{478609C8-6AF3-45D3-8181-A6CC92774858}.Ad-Hoc|iPhoneSimulator.ActiveCfg = Release|x64
		{478609C8-6AF3-45D3-8181-A6CC92774858}.Ad-Hoc|iPhoneSimulator.Build.0 = Release|x64
		{478609C8-6AF3-45D3-8181-A6CC92774858}.Ad-Hoc|iPhoneSimulator.Deploy.0 = Release|x64
		{478609C8-6AF3-45D3-8181-A6CC92774858}.Ad-Hoc|x64.ActiveCfg = Release|x64
		{478609C8-6AF3-45D3-8181-A6CC92774858}.Ad-Hoc|x64.Build.0 = Release|x64
		{478609C8-6AF3-45D3-8181-A6CC92774858}.Ad-Hoc|x64.Deploy.0 = Release|x64
		{478609C8-6AF3-45D3-8181-A6CC92774858}.Ad-Hoc|x86.ActiveCfg = Release|x86
		{478609C8-6AF3-45D3-8181-A6CC92774858}.Ad-Hoc|x86.Build.0 = Release|x86
		{478609C8-6AF3-45D3-8181-A6CC92774858}.Ad-Hoc|x86.Deploy.0 = Release|x86
		{478609C8-6AF3-45D3-8181-A6CC92774858}.AppStore|Any CPU.ActiveCfg = Release|x64
		{478609C8-6AF3-45D3-8181-A6CC92774858}.AppStore|Any CPU.Build.0 = Release|x64
		{478609C8-6AF3-45D3-8181-A6CC92774858}.AppStore|Any CPU.Deploy.0 = Release|x64
		{478609C8-6AF3-45D3-8181-A6CC92774858}.AppStore|ARM.ActiveCfg = Release|ARM
		{478609C8-6AF3-45D3-8181-A6CC92774858}.AppStore|ARM.Build.0 = Release|ARM
		{478609C8-6AF3-45D3-8181-A6CC92774858}.AppStore|ARM.Deploy.0 = Release|ARM
		{478609C8-6AF3-45D3-8181-A6CC92774858}.AppStore|ARM64.ActiveCfg = Release|ARM64
		{478609C8-6AF3-45D3-8181-A6CC92774858}.AppStore|ARM64.Build.0 = Release|ARM64
		{478609C8-6AF3-45D3-8181-A6CC92774858}.AppStore|ARM64.Deploy.0 = Release|ARM64
		{478609C8-6AF3-45D3-8181-A6CC92774858}.AppStore|iPhone.ActiveCfg = Release|x64
		{478609C8-6AF3-45D3-8181-A6CC92774858}.AppStore|iPhone.Build.0 = Release|x64
		{478609C8-6AF3-45D3-8181-A6CC92774858}.AppStore|iPhone.Deploy.0 = Release|x64
		{478609C8-6AF3-45D3-8181-A6CC92774858}.AppStore|iPhoneSimulator.ActiveCfg = Release|x64
		{478609C8-6AF3-45D3-8181-A6CC92774858}.AppStore|iPhoneSimulator.Build.0 = Release|x64
		{478609C8-6AF3-45D3-8181-A6CC92774858}.AppStore|iPhoneSimulator.Deploy.0 = Release|x64
		{478609C8-6AF3-45D3-8181-A6CC92774858}.AppStore|x64.ActiveCfg = Release|x64
		{478609C8-6AF3-45D3-8181-A6CC92774858}.AppStore|x64.Build.0 = Release|x64
		{478609C8-6AF3-45D3-8181-A6CC92774858}.AppStore|x64.Deploy.0 = Release|x64
		{478609C8-6AF3-45D3-8181-A6CC92774858}.AppStore|x86.ActiveCfg = Release|x86
		{478609C8-6AF3-45D3-8181-A6CC92774858}.AppStore|x86.Build.0 = Release|x86
		{478609C8-6AF3-45D3-8181-A6CC92774858}.AppStore|x86.Deploy.0 = Release|x86
		{478609C8-6AF3-45D3-8181-A6CC92774858}.Debug|Any CPU.ActiveCfg = Debug|x86
		{478609C8-6AF3-45D3-8181-A6CC92774858}.Debug|ARM.ActiveCfg = Debug|ARM
		{478609C8-6AF3-45D3-8181-A6CC92774858}.Debug|ARM.Build.0 = Debug|ARM
		{478609C8-6AF3-45D3-8181-A6CC92774858}.Debug|ARM.Deploy.0 = Debug|ARM
		{478609C8-6AF3-45D3-8181-A6CC92774858}.Debug|ARM64.ActiveCfg = Debug|ARM64
		{478609C8-6AF3-45D3-8181-A6CC92774858}.Debug|ARM64.Build.0 = Debug|ARM64
		{478609C8-6AF3-45D3-8181-A6CC92774858}.Debug|ARM64.Deploy.0 = Debug|ARM64
		{478609C8-6AF3-45D3-8181-A6CC92774858}.Debug|iPhone.ActiveCfg = Debug|x86
		{478609C8-6AF3-45D3-8181-A6CC92774858}.Debug|iPhoneSimulator.ActiveCfg = Debug|x86
		{478609C8-6AF3-45D3-8181-A6CC92774858}.Debug|x64.ActiveCfg = Debug|x64
		{478609C8-6AF3-45D3-8181-A6CC92774858}.Debug|x64.Build.0 = Debug|x64
		{478609C8-6AF3-45D3-8181-A6CC92774858}.Debug|x64.Deploy.0 = Debug|x64
		{478609C8-6AF3-45D3-8181-A6CC92774858}.Debug|x86.ActiveCfg = Debug|x86
		{478609C8-6AF3-45D3-8181-A6CC92774858}.Debug|x86.Build.0 = Debug|x86
		{478609C8-6AF3-45D3-8181-A6CC92774858}.Debug|x86.Deploy.0 = Debug|x86
		{478609C8-6AF3-45D3-8181-A6CC92774858}.Release|Any CPU.ActiveCfg = Release|x86
		{478609C8-6AF3-45D3-8181-A6CC92774858}.Release|ARM.ActiveCfg = Release|ARM
		{478609C8-6AF3-45D3-8181-A6CC92774858}.Release|ARM.Build.0 = Release|ARM
		{478609C8-6AF3-45D3-8181-A6CC92774858}.Release|ARM.Deploy.0 = Release|ARM
		{478609C8-6AF3-45D3-8181-A6CC92774858}.Release|ARM64.ActiveCfg = Release|ARM64
		{478609C8-6AF3-45D3-8181-A6CC92774858}.Release|ARM64.Build.0 = Release|ARM64
		{478609C8-6AF3-45D3-8181-A6CC92774858}.Release|ARM64.Deploy.0 = Release|ARM64
		{478609C8-6AF3-45D3-8181-A6CC92774858}.Release|iPhone.ActiveCfg = Release|x86
		{478609C8-6AF3-45D3-8181-A6CC92774858}.Release|iPhoneSimulator.ActiveCfg = Release|x86
		{478609C8-6AF3-45D3-8181-A6CC92774858}.Release|x64.ActiveCfg = Release|x64
		{478609C8-6AF3-45D3-8181-A6CC92774858}.Release|x64.Build.0 = Release|x64
		{478609C8-6AF3-45D3-8181-A6CC92774858}.Release|x64.Deploy.0 = Release|x64
		{478609C8-6AF3-45D3-8181-A6CC92774858}.Release|x86.ActiveCfg = Release|x86
		{478609C8-6AF3-45D3-8181-A6CC92774858}.Release|x86.Build.0 = Release|x86
		{478609C8-6AF3-45D3-8181-A6CC92774858}.Release|x86.Deploy.0 = Release|x86
		{E8F70745-0F04-4574-9664-C0404DA31E1D}.Ad-Hoc|Any CPU.ActiveCfg = Release|Any CPU
		{E8F70745-0F04-4574-9664-C0404DA31E1D}.Ad-Hoc|Any CPU.Build.0 = Release|Any CPU
		{E8F70745-0F04-4574-9664-C0404DA31E1D}.Ad-Hoc|ARM.ActiveCfg = Release|Any CPU
		{E8F70745-0F04-4574-9664-C0404DA31E1D}.Ad-Hoc|ARM.Build.0 = Release|Any CPU
		{E8F70745-0F04-4574-9664-C0404DA31E1D}.Ad-Hoc|iPhone.ActiveCfg = Release|Any CPU
		{E8F70745-0F04-4574-9664-C0404DA31E1D}.Ad-Hoc|iPhone.Build.0 = Release|Any CPU
		{E8F70745-0F04-4574-9664-C0404DA31E1D}.Ad-Hoc|iPhoneSimulator.ActiveCfg = Release|Any CPU
		{E8F70745-0F04-4574-9664-C0404DA31E1D}.Ad-Hoc|iPhoneSimulator.Build.0 = Release|Any CPU
		{E8F70745-0F04-4574-9664-C0404DA31E1D}.Ad-Hoc|x64.ActiveCfg = Release|Any CPU
		{E8F70745-0F04-4574-9664-C0404DA31E1D}.Ad-Hoc|x64.Build.0 = Release|Any CPU
		{E8F70745-0F04-4574-9664-C0404DA31E1D}.Ad-Hoc|x86.ActiveCfg = Release|Any CPU
		{E8F70745-0F04-4574-9664-C0404DA31E1D}.Ad-Hoc|x86.Build.0 = Release|Any CPU
		{E8F70745-0F04-4574-9664-C0404DA31E1D}.AppStore|Any CPU.ActiveCfg = Release|Any CPU
		{E8F70745-0F04-4574-9664-C0404DA31E1D}.AppStore|Any CPU.Build.0 = Release|Any CPU
		{E8F70745-0F04-4574-9664-C0404DA31E1D}.AppStore|ARM.ActiveCfg = Release|Any CPU
		{E8F70745-0F04-4574-9664-C0404DA31E1D}.AppStore|ARM.Build.0 = Release|Any CPU
		{E8F70745-0F04-4574-9664-C0404DA31E1D}.AppStore|iPhone.ActiveCfg = Release|Any CPU
		{E8F70745-0F04-4574-9664-C0404DA31E1D}.AppStore|iPhone.Build.0 = Release|Any CPU
		{E8F70745-0F04-4574-9664-C0404DA31E1D}.AppStore|iPhoneSimulator.ActiveCfg = Release|Any CPU
		{E8F70745-0F04-4574-9664-C0404DA31E1D}.AppStore|iPhoneSimulator.Build.0 = Release|Any CPU
		{E8F70745-0F04-4574-9664-C0404DA31E1D}.AppStore|x64.ActiveCfg = Release|Any CPU
		{E8F70745-0F04-4574-9664-C0404DA31E1D}.AppStore|x64.Build.0 = Release|Any CPU
		{E8F70745-0F04-4574-9664-C0404DA31E1D}.AppStore|x86.ActiveCfg = Release|Any CPU
		{E8F70745-0F04-4574-9664-C0404DA31E1D}.AppStore|x86.Build.0 = Release|Any CPU
		{E8F70745-0F04-4574-9664-C0404DA31E1D}.Debug|Any CPU.ActiveCfg = Debug|Any CPU
		{E8F70745-0F04-4574-9664-C0404DA31E1D}.Debug|Any CPU.Build.0 = Debug|Any CPU
		{E8F70745-0F04-4574-9664-C0404DA31E1D}.Debug|ARM.ActiveCfg = Debug|Any CPU
		{E8F70745-0F04-4574-9664-C0404DA31E1D}.Debug|ARM.Build.0 = Debug|Any CPU
		{E8F70745-0F04-4574-9664-C0404DA31E1D}.Debug|iPhone.ActiveCfg = Debug|Any CPU
		{E8F70745-0F04-4574-9664-C0404DA31E1D}.Debug|iPhone.Build.0 = Debug|Any CPU
		{E8F70745-0F04-4574-9664-C0404DA31E1D}.Debug|iPhoneSimulator.ActiveCfg = Debug|Any CPU
		{E8F70745-0F04-4574-9664-C0404DA31E1D}.Debug|iPhoneSimulator.Build.0 = Debug|Any CPU
		{E8F70745-0F04-4574-9664-C0404DA31E1D}.Debug|x64.ActiveCfg = Debug|Any CPU
		{E8F70745-0F04-4574-9664-C0404DA31E1D}.Debug|x64.Build.0 = Debug|Any CPU
		{E8F70745-0F04-4574-9664-C0404DA31E1D}.Debug|x86.ActiveCfg = Debug|Any CPU
		{E8F70745-0F04-4574-9664-C0404DA31E1D}.Debug|x86.Build.0 = Debug|Any CPU
		{E8F70745-0F04-4574-9664-C0404DA31E1D}.Release|Any CPU.ActiveCfg = Release|Any CPU
		{E8F70745-0F04-4574-9664-C0404DA31E1D}.Release|Any CPU.Build.0 = Release|Any CPU
		{E8F70745-0F04-4574-9664-C0404DA31E1D}.Release|ARM.ActiveCfg = Release|Any CPU
		{E8F70745-0F04-4574-9664-C0404DA31E1D}.Release|ARM.Build.0 = Release|Any CPU
		{E8F70745-0F04-4574-9664-C0404DA31E1D}.Release|iPhone.ActiveCfg = Release|Any CPU
		{E8F70745-0F04-4574-9664-C0404DA31E1D}.Release|iPhone.Build.0 = Release|Any CPU
		{E8F70745-0F04-4574-9664-C0404DA31E1D}.Release|iPhoneSimulator.ActiveCfg = Release|Any CPU
		{E8F70745-0F04-4574-9664-C0404DA31E1D}.Release|iPhoneSimulator.Build.0 = Release|Any CPU
		{E8F70745-0F04-4574-9664-C0404DA31E1D}.Release|x64.ActiveCfg = Release|Any CPU
		{E8F70745-0F04-4574-9664-C0404DA31E1D}.Release|x64.Build.0 = Release|Any CPU
		{E8F70745-0F04-4574-9664-C0404DA31E1D}.Release|x86.ActiveCfg = Release|Any CPU
		{E8F70745-0F04-4574-9664-C0404DA31E1D}.Release|x86.Build.0 = Release|Any CPU
	EndGlobalSection
	GlobalSection(SolutionProperties) = preSolution
		HideSolutionNode = FALSE
	EndGlobalSection
	GlobalSection(ExtensibilityGlobals) = postSolution
		SolutionGuid = {F6D05029-56B8-4E45-AF2D-0E76295DDBA2}
	EndGlobalSection
EndGlobal
