
Microsoft Visual Studio Solution File, Format Version 12.00
# Visual Studio 15
VisualStudioVersion = 15.0.26730.10
MinimumVisualStudioVersion = 10.0.40219.1

Project("{6EC3EE1D-3C4E-46DD-8F32-0CC8E7565705}") = "HelloFabulousUI", "HelloFabulousUI\HelloFabulousUI.fsproj", "{1641D1E0-8603-426A-8023-E1C977BE6BD8}"
EndProject

Project("{F2A71F9B-5D33-465A-A702-920D77279786}") = "HelloFabulousUI.Android", "HelloFabulousUI.Android\HelloFabulousUI.Android.fsproj", "{C0F85406-2714-4592-A61D-E14BC90B9C69}"
EndProject


Project("{F2A71F9B-5D33-465A-A702-920D77279786}") = "HelloFabulousUI.iOS", "HelloFabulousUI.iOS\HelloFabulousUI.iOS.fsproj", "{17747E19-AD7B-4763-9579-6710D4B464A1}"
EndProject




Global
	GlobalSection(SolutionConfigurationPlatforms) = preSolution
		Ad-Hoc|Any CPU = Ad-Hoc|Any CPU
		Ad-Hoc|ARM = Ad-Hoc|ARM
		Ad-Hoc|iPhone = Ad-Hoc|iPhone
		Ad-Hoc|iPhoneSimulator = Ad-Hoc|iPhoneSimulator
		Ad-Hoc|x64 = Ad-Hoc|x64
		Ad-Hoc|x86 = Ad-Hoc|x86
		AppStore|Any CPU = AppStore|Any CPU
		AppStore|ARM = AppStore|ARM
		AppStore|iPhone = AppStore|iPhone
		AppStore|iPhoneSimulator = AppStore|iPhoneSimulator
		AppStore|x64 = AppStore|x64
		AppStore|x86 = AppStore|x86
		Debug|Any CPU = Debug|Any CPU
		Debug|ARM = Debug|ARM
		Debug|iPhone = Debug|iPhone
		Debug|iPhoneSimulator = Debug|iPhoneSimulator
		Debug|x64 = Debug|x64
		Debug|x86 = Debug|x86
		Release|Any CPU = Release|Any CPU
		Release|ARM = Release|ARM
		Release|iPhone = Release|iPhone
		Release|iPhoneSimulator = Release|iPhoneSimulator
		Release|x64 = Release|x64
		Release|x86 = Release|x86
	EndGlobalSection
	GlobalSection(ProjectConfigurationPlatforms) = postSolution
		{1641D1E0-8603-426A-8023-E1C977BE6BD8}.Ad-Hoc|Any CPU.ActiveCfg = Debug|Any CPU
		{1641D1E0-8603-426A-8023-E1C977BE6BD8}.Ad-Hoc|Any CPU.Build.0 = Debug|Any CPU
		{1641D1E0-8603-426A-8023-E1C977BE6BD8}.Ad-Hoc|ARM.ActiveCfg = Debug|Any CPU
		{1641D1E0-8603-426A-8023-E1C977BE6BD8}.Ad-Hoc|ARM.Build.0 = Debug|Any CPU
		{1641D1E0-8603-426A-8023-E1C977BE6BD8}.Ad-Hoc|iPhone.ActiveCfg = Debug|Any CPU
		{1641D1E0-8603-426A-8023-E1C977BE6BD8}.Ad-Hoc|iPhone.Build.0 = Debug|Any CPU
		{1641D1E0-8603-426A-8023-E1C977BE6BD8}.Ad-Hoc|iPhoneSimulator.ActiveCfg = Debug|Any CPU
		{1641D1E0-8603-426A-8023-E1C977BE6BD8}.Ad-Hoc|iPhoneSimulator.Build.0 = Debug|Any CPU
		{1641D1E0-8603-426A-8023-E1C977BE6BD8}.Ad-Hoc|x64.ActiveCfg = Debug|Any CPU
		{1641D1E0-8603-426A-8023-E1C977BE6BD8}.Ad-Hoc|x64.Build.0 = Debug|Any CPU
		{1641D1E0-8603-426A-8023-E1C977BE6BD8}.Ad-Hoc|x86.ActiveCfg = Debug|Any CPU
		{1641D1E0-8603-426A-8023-E1C977BE6BD8}.Ad-Hoc|x86.Build.0 = Debug|Any CPU
		{1641D1E0-8603-426A-8023-E1C977BE6BD8}.AppStore|Any CPU.ActiveCfg = Debug|Any CPU
		{1641D1E0-8603-426A-8023-E1C977BE6BD8}.AppStore|Any CPU.Build.0 = Debug|Any CPU
		{1641D1E0-8603-426A-8023-E1C977BE6BD8}.AppStore|ARM.ActiveCfg = Debug|Any CPU
		{1641D1E0-8603-426A-8023-E1C977BE6BD8}.AppStore|ARM.Build.0 = Debug|Any CPU
		{1641D1E0-8603-426A-8023-E1C977BE6BD8}.AppStore|iPhone.ActiveCfg = Debug|Any CPU
		{1641D1E0-8603-426A-8023-E1C977BE6BD8}.AppStore|iPhone.Build.0 = Debug|Any CPU
		{1641D1E0-8603-426A-8023-E1C977BE6BD8}.AppStore|iPhoneSimulator.ActiveCfg = Debug|Any CPU
		{1641D1E0-8603-426A-8023-E1C977BE6BD8}.AppStore|iPhoneSimulator.Build.0 = Debug|Any CPU
		{1641D1E0-8603-426A-8023-E1C977BE6BD8}.AppStore|x64.ActiveCfg = Debug|Any CPU
		{1641D1E0-8603-426A-8023-E1C977BE6BD8}.AppStore|x64.Build.0 = Debug|Any CPU
		{1641D1E0-8603-426A-8023-E1C977BE6BD8}.AppStore|x86.ActiveCfg = Debug|Any CPU
		{1641D1E0-8603-426A-8023-E1C977BE6BD8}.AppStore|x86.Build.0 = Debug|Any CPU
		{1641D1E0-8603-426A-8023-E1C977BE6BD8}.Debug|Any CPU.ActiveCfg = Debug|Any CPU
		{1641D1E0-8603-426A-8023-E1C977BE6BD8}.Debug|Any CPU.Build.0 = Debug|Any CPU
		{1641D1E0-8603-426A-8023-E1C977BE6BD8}.Debug|ARM.ActiveCfg = Debug|Any CPU
		{1641D1E0-8603-426A-8023-E1C977BE6BD8}.Debug|ARM.Build.0 = Debug|Any CPU
		{1641D1E0-8603-426A-8023-E1C977BE6BD8}.Debug|iPhone.ActiveCfg = Debug|Any CPU
		{1641D1E0-8603-426A-8023-E1C977BE6BD8}.Debug|iPhone.Build.0 = Debug|Any CPU
		{1641D1E0-8603-426A-8023-E1C977BE6BD8}.Debug|iPhoneSimulator.ActiveCfg = Debug|Any CPU
		{1641D1E0-8603-426A-8023-E1C977BE6BD8}.Debug|iPhoneSimulator.Build.0 = Debug|Any CPU
		{1641D1E0-8603-426A-8023-E1C977BE6BD8}.Debug|x64.ActiveCfg = Debug|Any CPU
		{1641D1E0-8603-426A-8023-E1C977BE6BD8}.Debug|x64.Build.0 = Debug|Any CPU
		{1641D1E0-8603-426A-8023-E1C977BE6BD8}.Debug|x86.ActiveCfg = Debug|Any CPU
		{1641D1E0-8603-426A-8023-E1C977BE6BD8}.Debug|x86.Build.0 = Debug|Any CPU
		{1641D1E0-8603-426A-8023-E1C977BE6BD8}.Release|Any CPU.ActiveCfg = Release|Any CPU
		{1641D1E0-8603-426A-8023-E1C977BE6BD8}.Release|Any CPU.Build.0 = Release|Any CPU
		{1641D1E0-8603-426A-8023-E1C977BE6BD8}.Release|ARM.ActiveCfg = Release|Any CPU
		{1641D1E0-8603-426A-8023-E1C977BE6BD8}.Release|ARM.Build.0 = Release|Any CPU
		{1641D1E0-8603-426A-8023-E1C977BE6BD8}.Release|iPhone.ActiveCfg = Release|Any CPU
		{1641D1E0-8603-426A-8023-E1C977BE6BD8}.Release|iPhone.Build.0 = Release|Any CPU
		{1641D1E0-8603-426A-8023-E1C977BE6BD8}.Release|iPhoneSimulator.ActiveCfg = Release|Any CPU
		{1641D1E0-8603-426A-8023-E1C977BE6BD8}.Release|iPhoneSimulator.Build.0 = Release|Any CPU
		{1641D1E0-8603-426A-8023-E1C977BE6BD8}.Release|x64.ActiveCfg = Release|Any CPU
		{1641D1E0-8603-426A-8023-E1C977BE6BD8}.Release|x64.Build.0 = Release|Any CPU
		{1641D1E0-8603-426A-8023-E1C977BE6BD8}.Release|x86.ActiveCfg = Release|Any CPU
		{1641D1E0-8603-426A-8023-E1C977BE6BD8}.Release|x86.Build.0 = Release|Any CPU
		{17747E19-AD7B-4763-9579-6710D4B464A1}.Ad-Hoc|Any CPU.ActiveCfg = Ad-Hoc|iPhone
		{17747E19-AD7B-4763-9579-6710D4B464A1}.Ad-Hoc|ARM.ActiveCfg = Ad-Hoc|iPhone
		{17747E19-AD7B-4763-9579-6710D4B464A1}.Ad-Hoc|iPhone.ActiveCfg = Ad-Hoc|iPhone
		{17747E19-AD7B-4763-9579-6710D4B464A1}.Ad-Hoc|iPhone.Build.0 = Ad-Hoc|iPhone
		{17747E19-AD7B-4763-9579-6710D4B464A1}.Ad-Hoc|iPhoneSimulator.ActiveCfg = Ad-Hoc|iPhoneSimulator
		{17747E19-AD7B-4763-9579-6710D4B464A1}.Ad-Hoc|iPhoneSimulator.Build.0 = Ad-Hoc|iPhoneSimulator
		{17747E19-AD7B-4763-9579-6710D4B464A1}.Ad-Hoc|x64.ActiveCfg = Ad-Hoc|iPhone
		{17747E19-AD7B-4763-9579-6710D4B464A1}.Ad-Hoc|x86.ActiveCfg = Ad-Hoc|iPhone
		{17747E19-AD7B-4763-9579-6710D4B464A1}.AppStore|Any CPU.ActiveCfg = AppStore|iPhone
		{17747E19-AD7B-4763-9579-6710D4B464A1}.AppStore|ARM.ActiveCfg = AppStore|iPhone
		{17747E19-AD7B-4763-9579-6710D4B464A1}.AppStore|iPhone.ActiveCfg = AppStore|iPhone
		{17747E19-AD7B-4763-9579-6710D4B464A1}.AppStore|iPhone.Build.0 = AppStore|iPhone
		{17747E19-AD7B-4763-9579-6710D4B464A1}.AppStore|iPhoneSimulator.ActiveCfg = AppStore|iPhoneSimulator
		{17747E19-AD7B-4763-9579-6710D4B464A1}.AppStore|iPhoneSimulator.Build.0 = AppStore|iPhoneSimulator
		{17747E19-AD7B-4763-9579-6710D4B464A1}.AppStore|x64.ActiveCfg = AppStore|iPhone
		{17747E19-AD7B-4763-9579-6710D4B464A1}.AppStore|x86.ActiveCfg = AppStore|iPhone
		{17747E19-AD7B-4763-9579-6710D4B464A1}.Debug|Any CPU.ActiveCfg = Debug|iPhone
		{17747E19-AD7B-4763-9579-6710D4B464A1}.Debug|ARM.ActiveCfg = Debug|iPhone
		{17747E19-AD7B-4763-9579-6710D4B464A1}.Debug|iPhone.ActiveCfg = Debug|iPhone
		{17747E19-AD7B-4763-9579-6710D4B464A1}.Debug|iPhone.Build.0 = Debug|iPhone
		{17747E19-AD7B-4763-9579-6710D4B464A1}.Debug|iPhoneSimulator.ActiveCfg = Debug|iPhoneSimulator
		{17747E19-AD7B-4763-9579-6710D4B464A1}.Debug|iPhoneSimulator.Build.0 = Debug|iPhoneSimulator
		{17747E19-AD7B-4763-9579-6710D4B464A1}.Debug|x64.ActiveCfg = Debug|iPhone
		{17747E19-AD7B-4763-9579-6710D4B464A1}.Debug|x86.ActiveCfg = Debug|iPhone
		{17747E19-AD7B-4763-9579-6710D4B464A1}.Release|Any CPU.ActiveCfg = Release|iPhone
		{17747E19-AD7B-4763-9579-6710D4B464A1}.Release|ARM.ActiveCfg = Release|iPhone
		{17747E19-AD7B-4763-9579-6710D4B464A1}.Release|iPhone.ActiveCfg = Release|iPhone
		{17747E19-AD7B-4763-9579-6710D4B464A1}.Release|iPhone.Build.0 = Release|iPhone
		{17747E19-AD7B-4763-9579-6710D4B464A1}.Release|iPhoneSimulator.ActiveCfg = Release|iPhoneSimulator
		{17747E19-AD7B-4763-9579-6710D4B464A1}.Release|iPhoneSimulator.Build.0 = Release|iPhoneSimulator
		{17747E19-AD7B-4763-9579-6710D4B464A1}.Release|x64.ActiveCfg = Release|iPhone
		{17747E19-AD7B-4763-9579-6710D4B464A1}.Release|x86.ActiveCfg = Release|iPhone
		{68F8B56F-C940-4357-88D8-33891D9962A8}.Ad-Hoc|Any CPU.ActiveCfg = Release|x86
		{68F8B56F-C940-4357-88D8-33891D9962A8}.Ad-Hoc|Any CPU.Build.0 = Release|x86
		{68F8B56F-C940-4357-88D8-33891D9962A8}.Ad-Hoc|Any CPU.Deploy.0 = Release|x86
		{68F8B56F-C940-4357-88D8-33891D9962A8}.Ad-Hoc|ARM.ActiveCfg = Release|ARM
		{68F8B56F-C940-4357-88D8-33891D9962A8}.Ad-Hoc|ARM.Build.0 = Release|ARM
		{68F8B56F-C940-4357-88D8-33891D9962A8}.Ad-Hoc|ARM.Deploy.0 = Release|ARM
		{68F8B56F-C940-4357-88D8-33891D9962A8}.Ad-Hoc|iPhone.ActiveCfg = Release|x86
		{68F8B56F-C940-4357-88D8-33891D9962A8}.Ad-Hoc|iPhone.Build.0 = Release|x86
		{68F8B56F-C940-4357-88D8-33891D9962A8}.Ad-Hoc|iPhone.Deploy.0 = Release|x86
		{68F8B56F-C940-4357-88D8-33891D9962A8}.Ad-Hoc|iPhoneSimulator.ActiveCfg = Release|x86
		{68F8B56F-C940-4357-88D8-33891D9962A8}.Ad-Hoc|iPhoneSimulator.Build.0 = Release|x86
		{68F8B56F-C940-4357-88D8-33891D9962A8}.Ad-Hoc|iPhoneSimulator.Deploy.0 = Release|x86
		{68F8B56F-C940-4357-88D8-33891D9962A8}.Ad-Hoc|x64.ActiveCfg = Release|x64
		{68F8B56F-C940-4357-88D8-33891D9962A8}.Ad-Hoc|x64.Build.0 = Release|x64
		{68F8B56F-C940-4357-88D8-33891D9962A8}.Ad-Hoc|x64.Deploy.0 = Release|x64
		{68F8B56F-C940-4357-88D8-33891D9962A8}.Ad-Hoc|x86.ActiveCfg = Release|x86
		{68F8B56F-C940-4357-88D8-33891D9962A8}.Ad-Hoc|x86.Build.0 = Release|x86
		{68F8B56F-C940-4357-88D8-33891D9962A8}.Ad-Hoc|x86.Deploy.0 = Release|x86
		{68F8B56F-C940-4357-88D8-33891D9962A8}.AppStore|Any CPU.ActiveCfg = Release|x86
		{68F8B56F-C940-4357-88D8-33891D9962A8}.AppStore|Any CPU.Build.0 = Release|x86
		{68F8B56F-C940-4357-88D8-33891D9962A8}.AppStore|Any CPU.Deploy.0 = Release|x86
		{68F8B56F-C940-4357-88D8-33891D9962A8}.AppStore|ARM.ActiveCfg = Release|ARM
		{68F8B56F-C940-4357-88D8-33891D9962A8}.AppStore|ARM.Build.0 = Release|ARM
		{68F8B56F-C940-4357-88D8-33891D9962A8}.AppStore|ARM.Deploy.0 = Release|ARM
		{68F8B56F-C940-4357-88D8-33891D9962A8}.AppStore|iPhone.ActiveCfg = Release|x86
		{68F8B56F-C940-4357-88D8-33891D9962A8}.AppStore|iPhone.Build.0 = Release|x86
		{68F8B56F-C940-4357-88D8-33891D9962A8}.AppStore|iPhone.Deploy.0 = Release|x86
		{68F8B56F-C940-4357-88D8-33891D9962A8}.AppStore|iPhoneSimulator.ActiveCfg = Release|x86
		{68F8B56F-C940-4357-88D8-33891D9962A8}.AppStore|iPhoneSimulator.Build.0 = Release|x86
		{68F8B56F-C940-4357-88D8-33891D9962A8}.AppStore|iPhoneSimulator.Deploy.0 = Release|x86
		{68F8B56F-C940-4357-88D8-33891D9962A8}.AppStore|x64.ActiveCfg = Release|x64
		{68F8B56F-C940-4357-88D8-33891D9962A8}.AppStore|x64.Build.0 = Release|x64
		{68F8B56F-C940-4357-88D8-33891D9962A8}.AppStore|x64.Deploy.0 = Release|x64
		{68F8B56F-C940-4357-88D8-33891D9962A8}.AppStore|x86.ActiveCfg = Release|x86
		{68F8B56F-C940-4357-88D8-33891D9962A8}.AppStore|x86.Build.0 = Release|x86
		{68F8B56F-C940-4357-88D8-33891D9962A8}.AppStore|x86.Deploy.0 = Release|x86
		{68F8B56F-C940-4357-88D8-33891D9962A8}.Debug|Any CPU.ActiveCfg = Debug|x86
		{68F8B56F-C940-4357-88D8-33891D9962A8}.Debug|ARM.ActiveCfg = Debug|ARM
		{68F8B56F-C940-4357-88D8-33891D9962A8}.Debug|ARM.Build.0 = Debug|ARM
		{68F8B56F-C940-4357-88D8-33891D9962A8}.Debug|ARM.Deploy.0 = Debug|ARM
		{68F8B56F-C940-4357-88D8-33891D9962A8}.Debug|iPhone.ActiveCfg = Debug|x86
		{68F8B56F-C940-4357-88D8-33891D9962A8}.Debug|iPhoneSimulator.ActiveCfg = Debug|x86
		{68F8B56F-C940-4357-88D8-33891D9962A8}.Debug|x64.ActiveCfg = Debug|x64
		{68F8B56F-C940-4357-88D8-33891D9962A8}.Debug|x64.Build.0 = Debug|x64
		{68F8B56F-C940-4357-88D8-33891D9962A8}.Debug|x64.Deploy.0 = Debug|x64
		{68F8B56F-C940-4357-88D8-33891D9962A8}.Debug|x86.ActiveCfg = Debug|x86
		{68F8B56F-C940-4357-88D8-33891D9962A8}.Debug|x86.Build.0 = Debug|x86
		{68F8B56F-C940-4357-88D8-33891D9962A8}.Debug|x86.Deploy.0 = Debug|x86
		{68F8B56F-C940-4357-88D8-33891D9962A8}.Release|Any CPU.ActiveCfg = Release|x86
		{68F8B56F-C940-4357-88D8-33891D9962A8}.Release|ARM.ActiveCfg = Release|ARM
		{68F8B56F-C940-4357-88D8-33891D9962A8}.Release|ARM.Build.0 = Release|ARM
		{68F8B56F-C940-4357-88D8-33891D9962A8}.Release|ARM.Deploy.0 = Release|ARM
		{68F8B56F-C940-4357-88D8-33891D9962A8}.Release|iPhone.ActiveCfg = Release|x86
		{68F8B56F-C940-4357-88D8-33891D9962A8}.Release|iPhoneSimulator.ActiveCfg = Release|x86
		{68F8B56F-C940-4357-88D8-33891D9962A8}.Release|x64.ActiveCfg = Release|x64
		{68F8B56F-C940-4357-88D8-33891D9962A8}.Release|x64.Build.0 = Release|x64
		{68F8B56F-C940-4357-88D8-33891D9962A8}.Release|x64.Deploy.0 = Release|x64
		{68F8B56F-C940-4357-88D8-33891D9962A8}.Release|x86.ActiveCfg = Release|x86
		{68F8B56F-C940-4357-88D8-33891D9962A8}.Release|x86.Build.0 = Release|x86
		{68F8B56F-C940-4357-88D8-33891D9962A8}.Release|x86.Deploy.0 = Release|x86
		{D59C03DE-9B6A-45D5-A8DE-03C4AC982F3D}.Ad-Hoc|Any CPU.ActiveCfg = Release|Any CPU
		{D59C03DE-9B6A-45D5-A8DE-03C4AC982F3D}.Ad-Hoc|Any CPU.Build.0 = Release|Any CPU
		{D59C03DE-9B6A-45D5-A8DE-03C4AC982F3D}.Ad-Hoc|ARM.ActiveCfg = Release|Any CPU
		{D59C03DE-9B6A-45D5-A8DE-03C4AC982F3D}.Ad-Hoc|ARM.Build.0 = Release|Any CPU
		{D59C03DE-9B6A-45D5-A8DE-03C4AC982F3D}.Ad-Hoc|iPhone.ActiveCfg = Release|Any CPU
		{D59C03DE-9B6A-45D5-A8DE-03C4AC982F3D}.Ad-Hoc|iPhone.Build.0 = Release|Any CPU
		{D59C03DE-9B6A-45D5-A8DE-03C4AC982F3D}.Ad-Hoc|iPhoneSimulator.ActiveCfg = Release|Any CPU
		{D59C03DE-9B6A-45D5-A8DE-03C4AC982F3D}.Ad-Hoc|iPhoneSimulator.Build.0 = Release|Any CPU
		{D59C03DE-9B6A-45D5-A8DE-03C4AC982F3D}.Ad-Hoc|x64.ActiveCfg = Release|Any CPU
		{D59C03DE-9B6A-45D5-A8DE-03C4AC982F3D}.Ad-Hoc|x64.Build.0 = Release|Any CPU
		{D59C03DE-9B6A-45D5-A8DE-03C4AC982F3D}.Ad-Hoc|x86.ActiveCfg = Release|Any CPU
		{D59C03DE-9B6A-45D5-A8DE-03C4AC982F3D}.Ad-Hoc|x86.Build.0 = Release|Any CPU
		{D59C03DE-9B6A-45D5-A8DE-03C4AC982F3D}.AppStore|Any CPU.ActiveCfg = Release|Any CPU
		{D59C03DE-9B6A-45D5-A8DE-03C4AC982F3D}.AppStore|Any CPU.Build.0 = Release|Any CPU
		{D59C03DE-9B6A-45D5-A8DE-03C4AC982F3D}.AppStore|ARM.ActiveCfg = Release|Any CPU
		{D59C03DE-9B6A-45D5-A8DE-03C4AC982F3D}.AppStore|ARM.Build.0 = Release|Any CPU
		{D59C03DE-9B6A-45D5-A8DE-03C4AC982F3D}.AppStore|iPhone.ActiveCfg = Release|Any CPU
		{D59C03DE-9B6A-45D5-A8DE-03C4AC982F3D}.AppStore|iPhone.Build.0 = Release|Any CPU
		{D59C03DE-9B6A-45D5-A8DE-03C4AC982F3D}.AppStore|iPhoneSimulator.ActiveCfg = Release|Any CPU
		{D59C03DE-9B6A-45D5-A8DE-03C4AC982F3D}.AppStore|iPhoneSimulator.Build.0 = Release|Any CPU
		{D59C03DE-9B6A-45D5-A8DE-03C4AC982F3D}.AppStore|x64.ActiveCfg = Release|Any CPU
		{D59C03DE-9B6A-45D5-A8DE-03C4AC982F3D}.AppStore|x64.Build.0 = Release|Any CPU
		{D59C03DE-9B6A-45D5-A8DE-03C4AC982F3D}.AppStore|x86.ActiveCfg = Release|Any CPU
		{D59C03DE-9B6A-45D5-A8DE-03C4AC982F3D}.AppStore|x86.Build.0 = Release|Any CPU
		{D59C03DE-9B6A-45D5-A8DE-03C4AC982F3D}.Debug|Any CPU.ActiveCfg = Debug|Any CPU
		{D59C03DE-9B6A-45D5-A8DE-03C4AC982F3D}.Debug|Any CPU.Build.0 = Debug|Any CPU
		{D59C03DE-9B6A-45D5-A8DE-03C4AC982F3D}.Debug|ARM.ActiveCfg = Debug|Any CPU
		{D59C03DE-9B6A-45D5-A8DE-03C4AC982F3D}.Debug|ARM.Build.0 = Debug|Any CPU
		{D59C03DE-9B6A-45D5-A8DE-03C4AC982F3D}.Debug|iPhone.ActiveCfg = Debug|Any CPU
		{D59C03DE-9B6A-45D5-A8DE-03C4AC982F3D}.Debug|iPhone.Build.0 = Debug|Any CPU
		{D59C03DE-9B6A-45D5-A8DE-03C4AC982F3D}.Debug|iPhoneSimulator.ActiveCfg = Debug|Any CPU
		{D59C03DE-9B6A-45D5-A8DE-03C4AC982F3D}.Debug|iPhoneSimulator.Build.0 = Debug|Any CPU
		{D59C03DE-9B6A-45D5-A8DE-03C4AC982F3D}.Debug|x64.ActiveCfg = Debug|Any CPU
		{D59C03DE-9B6A-45D5-A8DE-03C4AC982F3D}.Debug|x64.Build.0 = Debug|Any CPU
		{D59C03DE-9B6A-45D5-A8DE-03C4AC982F3D}.Debug|x86.ActiveCfg = Debug|Any CPU
		{D59C03DE-9B6A-45D5-A8DE-03C4AC982F3D}.Debug|x86.Build.0 = Debug|Any CPU
		{D59C03DE-9B6A-45D5-A8DE-03C4AC982F3D}.Release|Any CPU.ActiveCfg = Release|Any CPU
		{D59C03DE-9B6A-45D5-A8DE-03C4AC982F3D}.Release|Any CPU.Build.0 = Release|Any CPU
		{D59C03DE-9B6A-45D5-A8DE-03C4AC982F3D}.Release|ARM.ActiveCfg = Release|Any CPU
		{D59C03DE-9B6A-45D5-A8DE-03C4AC982F3D}.Release|ARM.Build.0 = Release|Any CPU
		{D59C03DE-9B6A-45D5-A8DE-03C4AC982F3D}.Release|iPhone.ActiveCfg = Release|Any CPU
		{D59C03DE-9B6A-45D5-A8DE-03C4AC982F3D}.Release|iPhone.Build.0 = Release|Any CPU
		{D59C03DE-9B6A-45D5-A8DE-03C4AC982F3D}.Release|iPhoneSimulator.ActiveCfg = Release|Any CPU
		{D59C03DE-9B6A-45D5-A8DE-03C4AC982F3D}.Release|iPhoneSimulator.Build.0 = Release|Any CPU
		{D59C03DE-9B6A-45D5-A8DE-03C4AC982F3D}.Release|x64.ActiveCfg = Release|Any CPU
		{D59C03DE-9B6A-45D5-A8DE-03C4AC982F3D}.Release|x64.Build.0 = Release|Any CPU
		{D59C03DE-9B6A-45D5-A8DE-03C4AC982F3D}.Release|x86.ActiveCfg = Release|Any CPU
		{D59C03DE-9B6A-45D5-A8DE-03C4AC982F3D}.Release|x86.Build.0 = Release|Any CPU
		{8378A705-8AE3-44A3-95E9-6AE07CC17F06}.Ad-Hoc|Any CPU.ActiveCfg = Release|Any CPU
		{8378A705-8AE3-44A3-95E9-6AE07CC17F06}.Ad-Hoc|Any CPU.Build.0 = Release|Any CPU
		{8378A705-8AE3-44A3-95E9-6AE07CC17F06}.Ad-Hoc|ARM.ActiveCfg = Release|Any CPU
		{8378A705-8AE3-44A3-95E9-6AE07CC17F06}.Ad-Hoc|ARM.Build.0 = Release|Any CPU
		{8378A705-8AE3-44A3-95E9-6AE07CC17F06}.Ad-Hoc|iPhone.ActiveCfg = Release|Any CPU
		{8378A705-8AE3-44A3-95E9-6AE07CC17F06}.Ad-Hoc|iPhone.Build.0 = Release|Any CPU
		{8378A705-8AE3-44A3-95E9-6AE07CC17F06}.Ad-Hoc|iPhoneSimulator.ActiveCfg = Release|Any CPU
		{8378A705-8AE3-44A3-95E9-6AE07CC17F06}.Ad-Hoc|iPhoneSimulator.Build.0 = Release|Any CPU
		{8378A705-8AE3-44A3-95E9-6AE07CC17F06}.Ad-Hoc|x64.ActiveCfg = Release|Any CPU
		{8378A705-8AE3-44A3-95E9-6AE07CC17F06}.Ad-Hoc|x64.Build.0 = Release|Any CPU
		{8378A705-8AE3-44A3-95E9-6AE07CC17F06}.Ad-Hoc|x86.ActiveCfg = Release|Any CPU
		{8378A705-8AE3-44A3-95E9-6AE07CC17F06}.Ad-Hoc|x86.Build.0 = Release|Any CPU
		{8378A705-8AE3-44A3-95E9-6AE07CC17F06}.AppStore|Any CPU.ActiveCfg = Release|Any CPU
		{8378A705-8AE3-44A3-95E9-6AE07CC17F06}.AppStore|Any CPU.Build.0 = Release|Any CPU
		{8378A705-8AE3-44A3-95E9-6AE07CC17F06}.AppStore|ARM.ActiveCfg = Release|Any CPU
		{8378A705-8AE3-44A3-95E9-6AE07CC17F06}.AppStore|ARM.Build.0 = Release|Any CPU
		{8378A705-8AE3-44A3-95E9-6AE07CC17F06}.AppStore|iPhone.ActiveCfg = Release|Any CPU
		{8378A705-8AE3-44A3-95E9-6AE07CC17F06}.AppStore|iPhone.Build.0 = Release|Any CPU
		{8378A705-8AE3-44A3-95E9-6AE07CC17F06}.AppStore|iPhoneSimulator.ActiveCfg = Release|Any CPU
		{8378A705-8AE3-44A3-95E9-6AE07CC17F06}.AppStore|iPhoneSimulator.Build.0 = Release|Any CPU
		{8378A705-8AE3-44A3-95E9-6AE07CC17F06}.AppStore|x64.ActiveCfg = Release|Any CPU
		{8378A705-8AE3-44A3-95E9-6AE07CC17F06}.AppStore|x64.Build.0 = Release|Any CPU
		{8378A705-8AE3-44A3-95E9-6AE07CC17F06}.AppStore|x86.ActiveCfg = Release|Any CPU
		{8378A705-8AE3-44A3-95E9-6AE07CC17F06}.AppStore|x86.Build.0 = Release|Any CPU
		{8378A705-8AE3-44A3-95E9-6AE07CC17F06}.Debug|Any CPU.ActiveCfg = Debug|Any CPU
		{8378A705-8AE3-44A3-95E9-6AE07CC17F06}.Debug|Any CPU.Build.0 = Debug|Any CPU
		{8378A705-8AE3-44A3-95E9-6AE07CC17F06}.Debug|ARM.ActiveCfg = Debug|Any CPU
		{8378A705-8AE3-44A3-95E9-6AE07CC17F06}.Debug|ARM.Build.0 = Debug|Any CPU
		{8378A705-8AE3-44A3-95E9-6AE07CC17F06}.Debug|iPhone.ActiveCfg = Debug|Any CPU
		{8378A705-8AE3-44A3-95E9-6AE07CC17F06}.Debug|iPhone.Build.0 = Debug|Any CPU
		{8378A705-8AE3-44A3-95E9-6AE07CC17F06}.Debug|iPhoneSimulator.ActiveCfg = Debug|Any CPU
		{8378A705-8AE3-44A3-95E9-6AE07CC17F06}.Debug|iPhoneSimulator.Build.0 = Debug|Any CPU
		{8378A705-8AE3-44A3-95E9-6AE07CC17F06}.Debug|x64.ActiveCfg = Debug|Any CPU
		{8378A705-8AE3-44A3-95E9-6AE07CC17F06}.Debug|x64.Build.0 = Debug|Any CPU
		{8378A705-8AE3-44A3-95E9-6AE07CC17F06}.Debug|x86.ActiveCfg = Debug|Any CPU
		{8378A705-8AE3-44A3-95E9-6AE07CC17F06}.Debug|x86.Build.0 = Debug|Any CPU
		{8378A705-8AE3-44A3-95E9-6AE07CC17F06}.Release|Any CPU.ActiveCfg = Release|Any CPU
		{8378A705-8AE3-44A3-95E9-6AE07CC17F06}.Release|Any CPU.Build.0 = Release|Any CPU
		{8378A705-8AE3-44A3-95E9-6AE07CC17F06}.Release|ARM.ActiveCfg = Release|Any CPU
		{8378A705-8AE3-44A3-95E9-6AE07CC17F06}.Release|ARM.Build.0 = Release|Any CPU
		{8378A705-8AE3-44A3-95E9-6AE07CC17F06}.Release|iPhone.ActiveCfg = Release|Any CPU
		{8378A705-8AE3-44A3-95E9-6AE07CC17F06}.Release|iPhone.Build.0 = Release|Any CPU
		{8378A705-8AE3-44A3-95E9-6AE07CC17F06}.Release|iPhoneSimulator.ActiveCfg = Release|Any CPU
		{8378A705-8AE3-44A3-95E9-6AE07CC17F06}.Release|iPhoneSimulator.Build.0 = Release|Any CPU
		{8378A705-8AE3-44A3-95E9-6AE07CC17F06}.Release|x64.ActiveCfg = Release|Any CPU
		{8378A705-8AE3-44A3-95E9-6AE07CC17F06}.Release|x64.Build.0 = Release|Any CPU
		{8378A705-8AE3-44A3-95E9-6AE07CC17F06}.Release|x86.ActiveCfg = Release|Any CPU
		{8378A705-8AE3-44A3-95E9-6AE07CC17F06}.Release|x86.Build.0 = Release|Any CPU
		{C0F85406-2714-4592-A61D-E14BC90B9C69}.Ad-Hoc|Any CPU.ActiveCfg = Release|Any CPU
		{C0F85406-2714-4592-A61D-E14BC90B9C69}.Ad-Hoc|Any CPU.Build.0 = Release|Any CPU
		{C0F85406-2714-4592-A61D-E14BC90B9C69}.Ad-Hoc|ARM.ActiveCfg = Release|Any CPU
		{C0F85406-2714-4592-A61D-E14BC90B9C69}.Ad-Hoc|ARM.Build.0 = Release|Any CPU
		{C0F85406-2714-4592-A61D-E14BC90B9C69}.Ad-Hoc|iPhone.ActiveCfg = Release|Any CPU
		{C0F85406-2714-4592-A61D-E14BC90B9C69}.Ad-Hoc|iPhone.Build.0 = Release|Any CPU
		{C0F85406-2714-4592-A61D-E14BC90B9C69}.Ad-Hoc|iPhoneSimulator.ActiveCfg = Release|Any CPU
		{C0F85406-2714-4592-A61D-E14BC90B9C69}.Ad-Hoc|iPhoneSimulator.Build.0 = Release|Any CPU
		{C0F85406-2714-4592-A61D-E14BC90B9C69}.Ad-Hoc|x64.ActiveCfg = Release|Any CPU
		{C0F85406-2714-4592-A61D-E14BC90B9C69}.Ad-Hoc|x64.Build.0 = Release|Any CPU
		{C0F85406-2714-4592-A61D-E14BC90B9C69}.Ad-Hoc|x86.ActiveCfg = Release|Any CPU
		{C0F85406-2714-4592-A61D-E14BC90B9C69}.Ad-Hoc|x86.Build.0 = Release|Any CPU
		{C0F85406-2714-4592-A61D-E14BC90B9C69}.AppStore|Any CPU.ActiveCfg = Release|Any CPU
		{C0F85406-2714-4592-A61D-E14BC90B9C69}.AppStore|Any CPU.Build.0 = Release|Any CPU
		{C0F85406-2714-4592-A61D-E14BC90B9C69}.AppStore|ARM.ActiveCfg = Release|Any CPU
		{C0F85406-2714-4592-A61D-E14BC90B9C69}.AppStore|ARM.Build.0 = Release|Any CPU
		{C0F85406-2714-4592-A61D-E14BC90B9C69}.AppStore|iPhone.ActiveCfg = Release|Any CPU
		{C0F85406-2714-4592-A61D-E14BC90B9C69}.AppStore|iPhone.Build.0 = Release|Any CPU
		{C0F85406-2714-4592-A61D-E14BC90B9C69}.AppStore|iPhoneSimulator.ActiveCfg = Release|Any CPU
		{C0F85406-2714-4592-A61D-E14BC90B9C69}.AppStore|iPhoneSimulator.Build.0 = Release|Any CPU
		{C0F85406-2714-4592-A61D-E14BC90B9C69}.AppStore|x64.ActiveCfg = Release|Any CPU
		{C0F85406-2714-4592-A61D-E14BC90B9C69}.AppStore|x64.Build.0 = Release|Any CPU
		{C0F85406-2714-4592-A61D-E14BC90B9C69}.AppStore|x86.ActiveCfg = Release|Any CPU
		{C0F85406-2714-4592-A61D-E14BC90B9C69}.AppStore|x86.Build.0 = Release|Any CPU
		{C0F85406-2714-4592-A61D-E14BC90B9C69}.Debug|Any CPU.ActiveCfg = Debug|Any CPU
		{C0F85406-2714-4592-A61D-E14BC90B9C69}.Debug|Any CPU.Build.0 = Debug|Any CPU
		{C0F85406-2714-4592-A61D-E14BC90B9C69}.Debug|Any CPU.Deploy.0 = Debug|Any CPU
		{C0F85406-2714-4592-A61D-E14BC90B9C69}.Debug|ARM.ActiveCfg = Debug|Any CPU
		{C0F85406-2714-4592-A61D-E14BC90B9C69}.Debug|ARM.Build.0 = Debug|Any CPU
		{C0F85406-2714-4592-A61D-E14BC90B9C69}.Debug|iPhone.ActiveCfg = Debug|Any CPU
		{C0F85406-2714-4592-A61D-E14BC90B9C69}.Debug|iPhone.Build.0 = Debug|Any CPU
		{C0F85406-2714-4592-A61D-E14BC90B9C69}.Debug|iPhoneSimulator.ActiveCfg = Debug|Any CPU
		{C0F85406-2714-4592-A61D-E14BC90B9C69}.Debug|iPhoneSimulator.Build.0 = Debug|Any CPU
		{C0F85406-2714-4592-A61D-E14BC90B9C69}.Debug|x64.ActiveCfg = Debug|Any CPU
		{C0F85406-2714-4592-A61D-E14BC90B9C69}.Debug|x64.Build.0 = Debug|Any CPU
		{C0F85406-2714-4592-A61D-E14BC90B9C69}.Debug|x86.ActiveCfg = Debug|Any CPU
		{C0F85406-2714-4592-A61D-E14BC90B9C69}.Debug|x86.Build.0 = Debug|Any CPU
		{C0F85406-2714-4592-A61D-E14BC90B9C69}.Release|Any CPU.ActiveCfg = Release|Any CPU
		{C0F85406-2714-4592-A61D-E14BC90B9C69}.Release|Any CPU.Build.0 = Release|Any CPU
		{C0F85406-2714-4592-A61D-E14BC90B9C69}.Release|Any CPU.Deploy.0 = Release|Any CPU
		{C0F85406-2714-4592-A61D-E14BC90B9C69}.Release|ARM.ActiveCfg = Release|Any CPU
		{C0F85406-2714-4592-A61D-E14BC90B9C69}.Release|ARM.Build.0 = Release|Any CPU
		{C0F85406-2714-4592-A61D-E14BC90B9C69}.Release|iPhone.ActiveCfg = Release|Any CPU
		{C0F85406-2714-4592-A61D-E14BC90B9C69}.Release|iPhone.Build.0 = Release|Any CPU
		{C0F85406-2714-4592-A61D-E14BC90B9C69}.Release|iPhoneSimulator.ActiveCfg = Release|Any CPU
		{C0F85406-2714-4592-A61D-E14BC90B9C69}.Release|iPhoneSimulator.Build.0 = Release|Any CPU
		{C0F85406-2714-4592-A61D-E14BC90B9C69}.Release|x64.ActiveCfg = Release|Any CPU
		{C0F85406-2714-4592-A61D-E14BC90B9C69}.Release|x64.Build.0 = Release|Any CPU
		{C0F85406-2714-4592-A61D-E14BC90B9C69}.Release|x86.ActiveCfg = Release|Any CPU
		{C0F85406-2714-4592-A61D-E14BC90B9C69}.Release|x86.Build.0 = Release|Any CPU
		{B23826F1-C948-4F2D-BBEB-F117E64F7C76}.Ad-Hoc|Any CPU.ActiveCfg = Release|Any CPU
		{B23826F1-C948-4F2D-BBEB-F117E64F7C76}.Ad-Hoc|Any CPU.Build.0 = Release|Any CPU
		{B23826F1-C948-4F2D-BBEB-F117E64F7C76}.Ad-Hoc|ARM.ActiveCfg = Release|Any CPU
		{B23826F1-C948-4F2D-BBEB-F117E64F7C76}.Ad-Hoc|ARM.Build.0 = Release|Any CPU
		{B23826F1-C948-4F2D-BBEB-F117E64F7C76}.Ad-Hoc|iPhone.ActiveCfg = Release|Any CPU
		{B23826F1-C948-4F2D-BBEB-F117E64F7C76}.Ad-Hoc|iPhone.Build.0 = Release|Any CPU
		{B23826F1-C948-4F2D-BBEB-F117E64F7C76}.Ad-Hoc|iPhoneSimulator.ActiveCfg = Release|Any CPU
		{B23826F1-C948-4F2D-BBEB-F117E64F7C76}.Ad-Hoc|iPhoneSimulator.Build.0 = Release|Any CPU
		{B23826F1-C948-4F2D-BBEB-F117E64F7C76}.Ad-Hoc|x64.ActiveCfg = Release|Any CPU
		{B23826F1-C948-4F2D-BBEB-F117E64F7C76}.Ad-Hoc|x64.Build.0 = Release|Any CPU
		{B23826F1-C948-4F2D-BBEB-F117E64F7C76}.Ad-Hoc|x86.ActiveCfg = Release|Any CPU
		{B23826F1-C948-4F2D-BBEB-F117E64F7C76}.Ad-Hoc|x86.Build.0 = Release|Any CPU
		{B23826F1-C948-4F2D-BBEB-F117E64F7C76}.AppStore|Any CPU.ActiveCfg = Release|Any CPU
		{B23826F1-C948-4F2D-BBEB-F117E64F7C76}.AppStore|Any CPU.Build.0 = Release|Any CPU
		{B23826F1-C948-4F2D-BBEB-F117E64F7C76}.AppStore|ARM.ActiveCfg = Release|Any CPU
		{B23826F1-C948-4F2D-BBEB-F117E64F7C76}.AppStore|ARM.Build.0 = Release|Any CPU
		{B23826F1-C948-4F2D-BBEB-F117E64F7C76}.AppStore|iPhone.ActiveCfg = Release|Any CPU
		{B23826F1-C948-4F2D-BBEB-F117E64F7C76}.AppStore|iPhone.Build.0 = Release|Any CPU
		{B23826F1-C948-4F2D-BBEB-F117E64F7C76}.AppStore|iPhoneSimulator.ActiveCfg = Release|Any CPU
		{B23826F1-C948-4F2D-BBEB-F117E64F7C76}.AppStore|iPhoneSimulator.Build.0 = Release|Any CPU
		{B23826F1-C948-4F2D-BBEB-F117E64F7C76}.AppStore|x64.ActiveCfg = Release|Any CPU
		{B23826F1-C948-4F2D-BBEB-F117E64F7C76}.AppStore|x64.Build.0 = Release|Any CPU
		{B23826F1-C948-4F2D-BBEB-F117E64F7C76}.AppStore|x86.ActiveCfg = Release|Any CPU
		{B23826F1-C948-4F2D-BBEB-F117E64F7C76}.AppStore|x86.Build.0 = Release|Any CPU
		{B23826F1-C948-4F2D-BBEB-F117E64F7C76}.Debug|Any CPU.ActiveCfg = Debug|Any CPU
		{B23826F1-C948-4F2D-BBEB-F117E64F7C76}.Debug|Any CPU.Build.0 = Debug|Any CPU
		{B23826F1-C948-4F2D-BBEB-F117E64F7C76}.Debug|ARM.ActiveCfg = Debug|Any CPU
		{B23826F1-C948-4F2D-BBEB-F117E64F7C76}.Debug|ARM.Build.0 = Debug|Any CPU
		{B23826F1-C948-4F2D-BBEB-F117E64F7C76}.Debug|iPhone.ActiveCfg = Debug|Any CPU
		{B23826F1-C948-4F2D-BBEB-F117E64F7C76}.Debug|iPhone.Build.0 = Debug|Any CPU
		{B23826F1-C948-4F2D-BBEB-F117E64F7C76}.Debug|iPhoneSimulator.ActiveCfg = Debug|Any CPU
		{B23826F1-C948-4F2D-BBEB-F117E64F7C76}.Debug|iPhoneSimulator.Build.0 = Debug|Any CPU
		{B23826F1-C948-4F2D-BBEB-F117E64F7C76}.Debug|x64.ActiveCfg = Debug|Any CPU
		{B23826F1-C948-4F2D-BBEB-F117E64F7C76}.Debug|x64.Build.0 = Debug|Any CPU
		{B23826F1-C948-4F2D-BBEB-F117E64F7C76}.Debug|x86.ActiveCfg = Debug|Any CPU
		{B23826F1-C948-4F2D-BBEB-F117E64F7C76}.Debug|x86.Build.0 = Debug|Any CPU
		{B23826F1-C948-4F2D-BBEB-F117E64F7C76}.Release|Any CPU.ActiveCfg = Release|Any CPU
		{B23826F1-C948-4F2D-BBEB-F117E64F7C76}.Release|Any CPU.Build.0 = Release|Any CPU
		{B23826F1-C948-4F2D-BBEB-F117E64F7C76}.Release|ARM.ActiveCfg = Release|Any CPU
		{B23826F1-C948-4F2D-BBEB-F117E64F7C76}.Release|ARM.Build.0 = Release|Any CPU
		{B23826F1-C948-4F2D-BBEB-F117E64F7C76}.Release|iPhone.ActiveCfg = Release|Any CPU
		{B23826F1-C948-4F2D-BBEB-F117E64F7C76}.Release|iPhone.Build.0 = Release|Any CPU
		{B23826F1-C948-4F2D-BBEB-F117E64F7C76}.Release|iPhoneSimulator.ActiveCfg = Release|Any CPU
		{B23826F1-C948-4F2D-BBEB-F117E64F7C76}.Release|iPhoneSimulator.Build.0 = Release|Any CPU
		{B23826F1-C948-4F2D-BBEB-F117E64F7C76}.Release|x64.ActiveCfg = Release|Any CPU
		{B23826F1-C948-4F2D-BBEB-F117E64F7C76}.Release|x64.Build.0 = Release|Any CPU
		{B23826F1-C948-4F2D-BBEB-F117E64F7C76}.Release|x86.ActiveCfg = Release|Any CPU
		{B23826F1-C948-4F2D-BBEB-F117E64F7C76}.Release|x86.Build.0 = Release|Any CPU
		{3131E13B-54C8-4BDC-9927-5447DFCE7EED}.Ad-Hoc|Any CPU.ActiveCfg = Release|x64
		{3131E13B-54C8-4BDC-9927-5447DFCE7EED}.Ad-Hoc|Any CPU.Build.0 = Release|x64
		{3131E13B-54C8-4BDC-9927-5447DFCE7EED}.Ad-Hoc|Any CPU.Deploy.0 = Release|x64
		{3131E13B-54C8-4BDC-9927-5447DFCE7EED}.Ad-Hoc|ARM.ActiveCfg = Release|ARM
		{3131E13B-54C8-4BDC-9927-5447DFCE7EED}.Ad-Hoc|ARM.Build.0 = Release|ARM
		{3131E13B-54C8-4BDC-9927-5447DFCE7EED}.Ad-Hoc|ARM.Deploy.0 = Release|ARM
		{3131E13B-54C8-4BDC-9927-5447DFCE7EED}.Ad-Hoc|ARM64.ActiveCfg = Release|ARM64
		{3131E13B-54C8-4BDC-9927-5447DFCE7EED}.Ad-Hoc|ARM64.Build.0 = Release|ARM64
		{3131E13B-54C8-4BDC-9927-5447DFCE7EED}.Ad-Hoc|ARM64.Deploy.0 = Release|ARM64
		{3131E13B-54C8-4BDC-9927-5447DFCE7EED}.Ad-Hoc|iPhone.ActiveCfg = Release|x64
		{3131E13B-54C8-4BDC-9927-5447DFCE7EED}.Ad-Hoc|iPhone.Build.0 = Release|x64
		{3131E13B-54C8-4BDC-9927-5447DFCE7EED}.Ad-Hoc|iPhone.Deploy.0 = Release|x64
		{3131E13B-54C8-4BDC-9927-5447DFCE7EED}.Ad-Hoc|iPhoneSimulator.ActiveCfg = Release|x64
		{3131E13B-54C8-4BDC-9927-5447DFCE7EED}.Ad-Hoc|iPhoneSimulator.Build.0 = Release|x64
		{3131E13B-54C8-4BDC-9927-5447DFCE7EED}.Ad-Hoc|iPhoneSimulator.Deploy.0 = Release|x64
		{3131E13B-54C8-4BDC-9927-5447DFCE7EED}.Ad-Hoc|x64.ActiveCfg = Release|x64
		{3131E13B-54C8-4BDC-9927-5447DFCE7EED}.Ad-Hoc|x64.Build.0 = Release|x64
		{3131E13B-54C8-4BDC-9927-5447DFCE7EED}.Ad-Hoc|x64.Deploy.0 = Release|x64
		{3131E13B-54C8-4BDC-9927-5447DFCE7EED}.Ad-Hoc|x86.ActiveCfg = Release|x86
		{3131E13B-54C8-4BDC-9927-5447DFCE7EED}.Ad-Hoc|x86.Build.0 = Release|x86
		{3131E13B-54C8-4BDC-9927-5447DFCE7EED}.Ad-Hoc|x86.Deploy.0 = Release|x86
		{3131E13B-54C8-4BDC-9927-5447DFCE7EED}.AppStore|Any CPU.ActiveCfg = Release|x64
		{3131E13B-54C8-4BDC-9927-5447DFCE7EED}.AppStore|Any CPU.Build.0 = Release|x64
		{3131E13B-54C8-4BDC-9927-5447DFCE7EED}.AppStore|Any CPU.Deploy.0 = Release|x64
		{3131E13B-54C8-4BDC-9927-5447DFCE7EED}.AppStore|ARM.ActiveCfg = Release|ARM
		{3131E13B-54C8-4BDC-9927-5447DFCE7EED}.AppStore|ARM.Build.0 = Release|ARM
		{3131E13B-54C8-4BDC-9927-5447DFCE7EED}.AppStore|ARM.Deploy.0 = Release|ARM
		{3131E13B-54C8-4BDC-9927-5447DFCE7EED}.AppStore|ARM64.ActiveCfg = Release|ARM64
		{3131E13B-54C8-4BDC-9927-5447DFCE7EED}.AppStore|ARM64.Build.0 = Release|ARM64
		{3131E13B-54C8-4BDC-9927-5447DFCE7EED}.AppStore|ARM64.Deploy.0 = Release|ARM64
		{3131E13B-54C8-4BDC-9927-5447DFCE7EED}.AppStore|iPhone.ActiveCfg = Release|x64
		{3131E13B-54C8-4BDC-9927-5447DFCE7EED}.AppStore|iPhone.Build.0 = Release|x64
		{3131E13B-54C8-4BDC-9927-5447DFCE7EED}.AppStore|iPhone.Deploy.0 = Release|x64
		{3131E13B-54C8-4BDC-9927-5447DFCE7EED}.AppStore|iPhoneSimulator.ActiveCfg = Release|x64
		{3131E13B-54C8-4BDC-9927-5447DFCE7EED}.AppStore|iPhoneSimulator.Build.0 = Release|x64
		{3131E13B-54C8-4BDC-9927-5447DFCE7EED}.AppStore|iPhoneSimulator.Deploy.0 = Release|x64
		{3131E13B-54C8-4BDC-9927-5447DFCE7EED}.AppStore|x64.ActiveCfg = Release|x64
		{3131E13B-54C8-4BDC-9927-5447DFCE7EED}.AppStore|x64.Build.0 = Release|x64
		{3131E13B-54C8-4BDC-9927-5447DFCE7EED}.AppStore|x64.Deploy.0 = Release|x64
		{3131E13B-54C8-4BDC-9927-5447DFCE7EED}.AppStore|x86.ActiveCfg = Release|x86
		{3131E13B-54C8-4BDC-9927-5447DFCE7EED}.AppStore|x86.Build.0 = Release|x86
		{3131E13B-54C8-4BDC-9927-5447DFCE7EED}.AppStore|x86.Deploy.0 = Release|x86
		{3131E13B-54C8-4BDC-9927-5447DFCE7EED}.Debug|Any CPU.ActiveCfg = Debug|x86
		{3131E13B-54C8-4BDC-9927-5447DFCE7EED}.Debug|ARM.ActiveCfg = Debug|ARM
		{3131E13B-54C8-4BDC-9927-5447DFCE7EED}.Debug|ARM.Build.0 = Debug|ARM
		{3131E13B-54C8-4BDC-9927-5447DFCE7EED}.Debug|ARM.Deploy.0 = Debug|ARM
		{3131E13B-54C8-4BDC-9927-5447DFCE7EED}.Debug|ARM64.ActiveCfg = Debug|ARM64
		{3131E13B-54C8-4BDC-9927-5447DFCE7EED}.Debug|ARM64.Build.0 = Debug|ARM64
		{3131E13B-54C8-4BDC-9927-5447DFCE7EED}.Debug|ARM64.Deploy.0 = Debug|ARM64
		{3131E13B-54C8-4BDC-9927-5447DFCE7EED}.Debug|iPhone.ActiveCfg = Debug|x86
		{3131E13B-54C8-4BDC-9927-5447DFCE7EED}.Debug|iPhoneSimulator.ActiveCfg = Debug|x86
		{3131E13B-54C8-4BDC-9927-5447DFCE7EED}.Debug|x64.ActiveCfg = Debug|x64
		{3131E13B-54C8-4BDC-9927-5447DFCE7EED}.Debug|x64.Build.0 = Debug|x64
		{3131E13B-54C8-4BDC-9927-5447DFCE7EED}.Debug|x64.Deploy.0 = Debug|x64
		{3131E13B-54C8-4BDC-9927-5447DFCE7EED}.Debug|x86.ActiveCfg = Debug|x86
		{3131E13B-54C8-4BDC-9927-5447DFCE7EED}.Debug|x86.Build.0 = Debug|x86
		{3131E13B-54C8-4BDC-9927-5447DFCE7EED}.Debug|x86.Deploy.0 = Debug|x86
		{3131E13B-54C8-4BDC-9927-5447DFCE7EED}.Release|Any CPU.ActiveCfg = Release|x86
		{3131E13B-54C8-4BDC-9927-5447DFCE7EED}.Release|ARM.ActiveCfg = Release|ARM
		{3131E13B-54C8-4BDC-9927-5447DFCE7EED}.Release|ARM.Build.0 = Release|ARM
		{3131E13B-54C8-4BDC-9927-5447DFCE7EED}.Release|ARM.Deploy.0 = Release|ARM
		{3131E13B-54C8-4BDC-9927-5447DFCE7EED}.Release|ARM64.ActiveCfg = Release|ARM64
		{3131E13B-54C8-4BDC-9927-5447DFCE7EED}.Release|ARM64.Build.0 = Release|ARM64
		{3131E13B-54C8-4BDC-9927-5447DFCE7EED}.Release|ARM64.Deploy.0 = Release|ARM64
		{3131E13B-54C8-4BDC-9927-5447DFCE7EED}.Release|iPhone.ActiveCfg = Release|x86
		{3131E13B-54C8-4BDC-9927-5447DFCE7EED}.Release|iPhoneSimulator.ActiveCfg = Release|x86
		{3131E13B-54C8-4BDC-9927-5447DFCE7EED}.Release|x64.ActiveCfg = Release|x64
		{3131E13B-54C8-4BDC-9927-5447DFCE7EED}.Release|x64.Build.0 = Release|x64
		{3131E13B-54C8-4BDC-9927-5447DFCE7EED}.Release|x64.Deploy.0 = Release|x64
		{3131E13B-54C8-4BDC-9927-5447DFCE7EED}.Release|x86.ActiveCfg = Release|x86
		{3131E13B-54C8-4BDC-9927-5447DFCE7EED}.Release|x86.Build.0 = Release|x86
		{3131E13B-54C8-4BDC-9927-5447DFCE7EED}.Release|x86.Deploy.0 = Release|x86
	EndGlobalSection
	GlobalSection(SolutionProperties) = preSolution
		HideSolutionNode = FALSE
	EndGlobalSection
	GlobalSection(ExtensibilityGlobals) = postSolution
		SolutionGuid = {F6D05029-56B8-4E45-AF2D-0E76295DDBA2}
	EndGlobalSection
EndGlobal
